// !$*UTF8*$!
{
	archiveVersion = 1;
	classes = {
	};
	objectVersion = 56;
	objects = {

/* Begin PBXBuildFile section */
		723E47032C6CD240004B0E0C /* AppDelegate.swift in Sources */ = {isa = PBXBuildFile; fileRef = 723E47022C6CD240004B0E0C /* AppDelegate.swift */; };
		723E47052C6CD240004B0E0C /* SceneDelegate.swift in Sources */ = {isa = PBXBuildFile; fileRef = 723E47042C6CD240004B0E0C /* SceneDelegate.swift */; };
		723E470C2C6CD241004B0E0C /* Assets.xcassets in Resources */ = {isa = PBXBuildFile; fileRef = 723E470B2C6CD241004B0E0C /* Assets.xcassets */; };
		723E470F2C6CD241004B0E0C /* Base in Resources */ = {isa = PBXBuildFile; fileRef = 723E470E2C6CD241004B0E0C /* Base */; };
		723E47172C6CD32B004B0E0C /* .gitignore in Resources */ = {isa = PBXBuildFile; fileRef = 723E47162C6CD32B004B0E0C /* .gitignore */; };
		723E47192C6CD360004B0E0C /* APIKey.swift in Sources */ = {isa = PBXBuildFile; fileRef = 723E47182C6CD360004B0E0C /* APIKey.swift */; };
		723E471F2C6DBF5F004B0E0C /* BaseView.swift in Sources */ = {isa = PBXBuildFile; fileRef = 723E471E2C6DBF5F004B0E0C /* BaseView.swift */; };
		723E47212C6DBF98004B0E0C /* BaseViewController.swift in Sources */ = {isa = PBXBuildFile; fileRef = 723E47202C6DBF98004B0E0C /* BaseViewController.swift */; };
		723E47232C6DBFBB004B0E0C /* BaseCollectionViewCell.swift in Sources */ = {isa = PBXBuildFile; fileRef = 723E47222C6DBFBB004B0E0C /* BaseCollectionViewCell.swift */; };
		723E47252C6DBFE7004B0E0C /* BaseTableViewCell.swift in Sources */ = {isa = PBXBuildFile; fileRef = 723E47242C6DBFE7004B0E0C /* BaseTableViewCell.swift */; };
		723E47282C6DC100004B0E0C /* Alamofire in Frameworks */ = {isa = PBXBuildFile; productRef = 723E47272C6DC100004B0E0C /* Alamofire */; };
		723E472B2C6DC11A004B0E0C /* RxCocoa in Frameworks */ = {isa = PBXBuildFile; productRef = 723E472A2C6DC11A004B0E0C /* RxCocoa */; };
		723E472D2C6DC11A004B0E0C /* RxSwift in Frameworks */ = {isa = PBXBuildFile; productRef = 723E472C2C6DC11A004B0E0C /* RxSwift */; };
		723E47302C6DC12A004B0E0C /* SnapKit in Frameworks */ = {isa = PBXBuildFile; productRef = 723E472F2C6DC12A004B0E0C /* SnapKit */; };
		723E47352C6DC23B004B0E0C /* OnBoardingViewController.swift in Sources */ = {isa = PBXBuildFile; fileRef = 723E47342C6DC23B004B0E0C /* OnBoardingViewController.swift */; };
		723E47372C6DC279004B0E0C /* OnBoardingView.swift in Sources */ = {isa = PBXBuildFile; fileRef = 723E47362C6DC279004B0E0C /* OnBoardingView.swift */; };
		723E473B2C6DC5BE004B0E0C /* BaseButton.swift in Sources */ = {isa = PBXBuildFile; fileRef = 723E473A2C6DC5BE004B0E0C /* BaseButton.swift */; };
		723E473E2C6DC6EC004B0E0C /* ResourceFont.swift in Sources */ = {isa = PBXBuildFile; fileRef = 723E473D2C6DC6EC004B0E0C /* ResourceFont.swift */; };
		723E47442C6DCA1B004B0E0C /* ButtonTitle.swift in Sources */ = {isa = PBXBuildFile; fileRef = 723E47432C6DCA1B004B0E0C /* ButtonTitle.swift */; };
		723E47462C6DCE9C004B0E0C /* BaseViewModel.swift in Sources */ = {isa = PBXBuildFile; fileRef = 723E47452C6DCE9C004B0E0C /* BaseViewModel.swift */; };
		723E47492C6DCF22004B0E0C /* OnBoardingViewModel.swift in Sources */ = {isa = PBXBuildFile; fileRef = 723E47482C6DCF22004B0E0C /* OnBoardingViewModel.swift */; };
		723E47532C6DD9E2004B0E0C /* LSLPAPIManager.swift in Sources */ = {isa = PBXBuildFile; fileRef = 723E47522C6DD9E2004B0E0C /* LSLPAPIManager.swift */; };
		723E47562C6DDC77004B0E0C /* APIError.swift in Sources */ = {isa = PBXBuildFile; fileRef = 723E47552C6DDC77004B0E0C /* APIError.swift */; };
		723E47582C6DDCD2004B0E0C /* TargetType.swift in Sources */ = {isa = PBXBuildFile; fileRef = 723E47572C6DDCD2004B0E0C /* TargetType.swift */; };
		723E475A2C6DDD0A004B0E0C /* LSLPRouter.swift in Sources */ = {isa = PBXBuildFile; fileRef = 723E47592C6DDD0A004B0E0C /* LSLPRouter.swift */; };
		723E475C2C6DE187004B0E0C /* Header.swift in Sources */ = {isa = PBXBuildFile; fileRef = 723E475B2C6DE187004B0E0C /* Header.swift */; };
		723E47632C6F2718004B0E0C /* EmailView.swift in Sources */ = {isa = PBXBuildFile; fileRef = 723E47622C6F2718004B0E0C /* EmailView.swift */; };
		723E47652C6F2720004B0E0C /* EmailViewController.swift in Sources */ = {isa = PBXBuildFile; fileRef = 723E47642C6F2720004B0E0C /* EmailViewController.swift */; };
		723E47682C6F288E004B0E0C /* LineTextField.swift in Sources */ = {isa = PBXBuildFile; fileRef = 723E47672C6F288E004B0E0C /* LineTextField.swift */; };
		723E476A2C6F28C5004B0E0C /* TextFieldPlaceholder.swift in Sources */ = {isa = PBXBuildFile; fileRef = 723E47692C6F28C5004B0E0C /* TextFieldPlaceholder.swift */; };
		723E476D2C6F3345004B0E0C /* EmailViewModel.swift in Sources */ = {isa = PBXBuildFile; fileRef = 723E476C2C6F3345004B0E0C /* EmailViewModel.swift */; };
		723E47702C6F3814004B0E0C /* EmailCheck.swift in Sources */ = {isa = PBXBuildFile; fileRef = 723E476F2C6F3814004B0E0C /* EmailCheck.swift */; };
		723E47732C6F3B87004B0E0C /* Toast in Frameworks */ = {isa = PBXBuildFile; productRef = 723E47722C6F3B87004B0E0C /* Toast */; };
		723E47752C6F3ED5004B0E0C /* Body.swift in Sources */ = {isa = PBXBuildFile; fileRef = 723E47742C6F3ED5004B0E0C /* Body.swift */; };
		723E477B2C705E6D004B0E0C /* PasswordView.swift in Sources */ = {isa = PBXBuildFile; fileRef = 723E477A2C705E6D004B0E0C /* PasswordView.swift */; };
		723E477D2C705E81004B0E0C /* PasswordViewController.swift in Sources */ = {isa = PBXBuildFile; fileRef = 723E477C2C705E81004B0E0C /* PasswordViewController.swift */; };
		723E477F2C706EEE004B0E0C /* PasswordViewModel.swift in Sources */ = {isa = PBXBuildFile; fileRef = 723E477E2C706EEE004B0E0C /* PasswordViewModel.swift */; };
		723E478C2C707DC2004B0E0C /* LoginView.swift in Sources */ = {isa = PBXBuildFile; fileRef = 723E478B2C707DC2004B0E0C /* LoginView.swift */; };
		723E478E2C707DD9004B0E0C /* LoginViewController.swift in Sources */ = {isa = PBXBuildFile; fileRef = 723E478D2C707DD9004B0E0C /* LoginViewController.swift */; };
		723E47902C707E79004B0E0C /* BoxTypeTextField.swift in Sources */ = {isa = PBXBuildFile; fileRef = 723E478F2C707E79004B0E0C /* BoxTypeTextField.swift */; };
		723E47922C7081C4004B0E0C /* PasswordSecureButton.swift in Sources */ = {isa = PBXBuildFile; fileRef = 723E47912C7081C4004B0E0C /* PasswordSecureButton.swift */; };
		723E47942C70875D004B0E0C /* LoginViewModel.swift in Sources */ = {isa = PBXBuildFile; fileRef = 723E47932C70875D004B0E0C /* LoginViewModel.swift */; };
		723E47982C7089AD004B0E0C /* NicknameView.swift in Sources */ = {isa = PBXBuildFile; fileRef = 723E47972C7089AD004B0E0C /* NicknameView.swift */; };
		723E479A2C7089B8004B0E0C /* NicknameViewController.swift in Sources */ = {isa = PBXBuildFile; fileRef = 723E47992C7089B8004B0E0C /* NicknameViewController.swift */; };
		723E479C2C708E48004B0E0C /* NicknameViewModel.swift in Sources */ = {isa = PBXBuildFile; fileRef = 723E479B2C708E48004B0E0C /* NicknameViewModel.swift */; };
		723E479F2C71DD7C004B0E0C /* JoinResponse.swift in Sources */ = {isa = PBXBuildFile; fileRef = 723E479E2C71DD7C004B0E0C /* JoinResponse.swift */; };
		723E47A22C721152004B0E0C /* UserDefaultsManager.swift in Sources */ = {isa = PBXBuildFile; fileRef = 723E47A12C721152004B0E0C /* UserDefaultsManager.swift */; };
		723E47A52C7212E7004B0E0C /* LoginResponse.swift in Sources */ = {isa = PBXBuildFile; fileRef = 723E47A42C7212E7004B0E0C /* LoginResponse.swift */; };
		723E47A92C721AEB004B0E0C /* MainViewController.swift in Sources */ = {isa = PBXBuildFile; fileRef = 723E47A82C721AEB004B0E0C /* MainViewController.swift */; };
		723E47AB2C721AF1004B0E0C /* MainView.swift in Sources */ = {isa = PBXBuildFile; fileRef = 723E47AA2C721AF1004B0E0C /* MainView.swift */; };
		723E47B52C7369CA004B0E0C /* PostButton.swift in Sources */ = {isa = PBXBuildFile; fileRef = 723E47B42C7369CA004B0E0C /* PostButton.swift */; };
		723E47BE2C736DAF004B0E0C /* MainViewModel.swift in Sources */ = {isa = PBXBuildFile; fileRef = 723E47BD2C736DAF004B0E0C /* MainViewModel.swift */; };
		723E47C22C7385C6004B0E0C /* WODView.swift in Sources */ = {isa = PBXBuildFile; fileRef = 723E47C12C7385C6004B0E0C /* WODView.swift */; };
		723E47C42C7385CF004B0E0C /* WODViewController.swift in Sources */ = {isa = PBXBuildFile; fileRef = 723E47C32C7385CF004B0E0C /* WODViewController.swift */; };
		723E47C62C7389A9004B0E0C /* CameraButton.swift in Sources */ = {isa = PBXBuildFile; fileRef = 723E47C52C7389A9004B0E0C /* CameraButton.swift */; };
		723E47C92C738DF8004B0E0C /* WODViewModel.swift in Sources */ = {isa = PBXBuildFile; fileRef = 723E47C82C738DF8004B0E0C /* WODViewModel.swift */; };
		725B9A282C761E930078863C /* RoutineData.swift in Sources */ = {isa = PBXBuildFile; fileRef = 725B9A272C761E930078863C /* RoutineData.swift */; };
		725B9A2B2C76547E0078863C /* AuthRouter.swift in Sources */ = {isa = PBXBuildFile; fileRef = 725B9A2A2C76547E0078863C /* AuthRouter.swift */; };
		725B9A2D2C7654C60078863C /* PostRouter.swift in Sources */ = {isa = PBXBuildFile; fileRef = 725B9A2C2C7654C60078863C /* PostRouter.swift */; };
		725B9A2F2C765DD70078863C /* ImageResponse.swift in Sources */ = {isa = PBXBuildFile; fileRef = 725B9A2E2C765DD70078863C /* ImageResponse.swift */; };
		725B9A502C772A8C0078863C /* MainWodTableViewCell.swift in Sources */ = {isa = PBXBuildFile; fileRef = 725B9A4F2C772A8C0078863C /* MainWodTableViewCell.swift */; };
		725B9A522C7770BF0078863C /* OpponentProfileImage.swift in Sources */ = {isa = PBXBuildFile; fileRef = 725B9A512C7770BF0078863C /* OpponentProfileImage.swift */; };
		725B9A552C7788A10078863C /* TabBarController.swift in Sources */ = {isa = PBXBuildFile; fileRef = 725B9A542C7788A10078863C /* TabBarController.swift */; };
		725B9A5A2C778AA70078863C /* MyRoutineView.swift in Sources */ = {isa = PBXBuildFile; fileRef = 725B9A592C778AA70078863C /* MyRoutineView.swift */; };
		725B9A5C2C778AB40078863C /* MyRoutineViewController.swift in Sources */ = {isa = PBXBuildFile; fileRef = 725B9A5B2C778AB40078863C /* MyRoutineViewController.swift */; };
		725B9A5E2C778ABF0078863C /* ChatView.swift in Sources */ = {isa = PBXBuildFile; fileRef = 725B9A5D2C778ABF0078863C /* ChatView.swift */; };
		725B9A602C778ACB0078863C /* ChatViewController.swift in Sources */ = {isa = PBXBuildFile; fileRef = 725B9A5F2C778ACB0078863C /* ChatViewController.swift */; };
		725B9A622C778AD40078863C /* ProfileView.swift in Sources */ = {isa = PBXBuildFile; fileRef = 725B9A612C778AD40078863C /* ProfileView.swift */; };
		725B9A642C778ADF0078863C /* ProfileViewController.swift in Sources */ = {isa = PBXBuildFile; fileRef = 725B9A632C778ADF0078863C /* ProfileViewController.swift */; };
		725B9A672C785EDC0078863C /* MainFeedbackTableViewCell.swift in Sources */ = {isa = PBXBuildFile; fileRef = 725B9A662C785EDC0078863C /* MainFeedbackTableViewCell.swift */; };
		725B9A692C785F190078863C /* MainCommunityTableViewCell.swift in Sources */ = {isa = PBXBuildFile; fileRef = 725B9A682C785F190078863C /* MainCommunityTableViewCell.swift */; };
		725B9A6D2C786C490078863C /* ProfileViewModel.swift in Sources */ = {isa = PBXBuildFile; fileRef = 725B9A6C2C786C490078863C /* ProfileViewModel.swift */; };
		725B9A6F2C786D990078863C /* ProfileListTableViewCell.swift in Sources */ = {isa = PBXBuildFile; fileRef = 725B9A6E2C786D990078863C /* ProfileListTableViewCell.swift */; };
		725B9A712C78D4AB0078863C /* PostResponse.swift in Sources */ = {isa = PBXBuildFile; fileRef = 725B9A702C78D4AB0078863C /* PostResponse.swift */; };
		725B9A742C78F6240078863C /* Kingfisher in Frameworks */ = {isa = PBXBuildFile; productRef = 725B9A732C78F6240078863C /* Kingfisher */; };
		725B9A762C79A26B0078863C /* ProfileRouter.swift in Sources */ = {isa = PBXBuildFile; fileRef = 725B9A752C79A26B0078863C /* ProfileRouter.swift */; };
		725B9A782C79A50C0078863C /* ProfileResponse.swift in Sources */ = {isa = PBXBuildFile; fileRef = 725B9A772C79A50C0078863C /* ProfileResponse.swift */; };
		725B9A7E2C79C77F0078863C /* EditProfileView.swift in Sources */ = {isa = PBXBuildFile; fileRef = 725B9A7D2C79C77F0078863C /* EditProfileView.swift */; };
		725B9A802C79C78E0078863C /* EditProfileViewController.swift in Sources */ = {isa = PBXBuildFile; fileRef = 725B9A7F2C79C78E0078863C /* EditProfileViewController.swift */; };
		725B9A822C79C79F0078863C /* EditProfileViewModel.swift in Sources */ = {isa = PBXBuildFile; fileRef = 725B9A812C79C79F0078863C /* EditProfileViewModel.swift */; };
		725B9A842C79CCEC0078863C /* MyProfileImageView.swift in Sources */ = {isa = PBXBuildFile; fileRef = 725B9A832C79CCEC0078863C /* MyProfileImageView.swift */; };
		725B9A862C79CDCB0078863C /* ProfileChangeButton.swift in Sources */ = {isa = PBXBuildFile; fileRef = 725B9A852C79CDCB0078863C /* ProfileChangeButton.swift */; };
		725B9A882C79CEAF0078863C /* BoxTypeProfileTextField.swift in Sources */ = {isa = PBXBuildFile; fileRef = 725B9A872C79CEAF0078863C /* BoxTypeProfileTextField.swift */; };
		725B9A8E2C7A3B640078863C /* DetailViewController.swift in Sources */ = {isa = PBXBuildFile; fileRef = 725B9A8D2C7A3B640078863C /* DetailViewController.swift */; };
		725B9A902C7A3B720078863C /* DetailView.swift in Sources */ = {isa = PBXBuildFile; fileRef = 725B9A8F2C7A3B720078863C /* DetailView.swift */; };
		725B9A922C7A3BB80078863C /* DetailViewModel.swift in Sources */ = {isa = PBXBuildFile; fileRef = 725B9A912C7A3BB80078863C /* DetailViewModel.swift */; };
		725B9A942C7A3FBE0078863C /* ToggleDetailView.swift in Sources */ = {isa = PBXBuildFile; fileRef = 725B9A932C7A3FBE0078863C /* ToggleDetailView.swift */; };
		725B9A9A2C7B0CCE0078863C /* CommentTableViewCell.swift in Sources */ = {isa = PBXBuildFile; fileRef = 725B9A992C7B0CCE0078863C /* CommentTableViewCell.swift */; };
		725B9A9D2C7B14A20078863C /* CommentView.swift in Sources */ = {isa = PBXBuildFile; fileRef = 725B9A9C2C7B14A20078863C /* CommentView.swift */; };
		725B9A9F2C7B14B20078863C /* CommentViewController.swift in Sources */ = {isa = PBXBuildFile; fileRef = 725B9A9E2C7B14B20078863C /* CommentViewController.swift */; };
		725B9AA32C7B1B4D0078863C /* CommentViewModel.swift in Sources */ = {isa = PBXBuildFile; fileRef = 725B9AA22C7B1B4D0078863C /* CommentViewModel.swift */; };
		725B9AA52C7B21680078863C /* CommentRouter.swift in Sources */ = {isa = PBXBuildFile; fileRef = 725B9AA42C7B21680078863C /* CommentRouter.swift */; };
		725B9AA72C7B2A0C0078863C /* CommentResponse.swift in Sources */ = {isa = PBXBuildFile; fileRef = 725B9AA62C7B2A0C0078863C /* CommentResponse.swift */; };
		725B9AAA2C7B64FB0078863C /* JGProgressHUD in Frameworks */ = {isa = PBXBuildFile; productRef = 725B9AA92C7B64FB0078863C /* JGProgressHUD */; };
		725B9AAC2C7B68F90078863C /* SendButton.swift in Sources */ = {isa = PBXBuildFile; fileRef = 725B9AAB2C7B68F90078863C /* SendButton.swift */; };
		725B9AAF2C7B6B300078863C /* FormatterManager.swift in Sources */ = {isa = PBXBuildFile; fileRef = 725B9AAE2C7B6B300078863C /* FormatterManager.swift */; };
		725B9AB62C7C5ACD0078863C /* FSCalendar in Frameworks */ = {isa = PBXBuildFile; productRef = 725B9AB52C7C5ACD0078863C /* FSCalendar */; };
		725B9ABF2C7C952F0078863C /* MyRoutineViewModel.swift in Sources */ = {isa = PBXBuildFile; fileRef = 725B9ABE2C7C952E0078863C /* MyRoutineViewModel.swift */; };
		7274DA452C74D8E700245DCD /* WODTableViewCell.swift in Sources */ = {isa = PBXBuildFile; fileRef = 7274DA442C74D8E700245DCD /* WODTableViewCell.swift */; };
		7274DA482C74D93600245DCD /* ReuseIdentifierProtocol.swift in Sources */ = {isa = PBXBuildFile; fileRef = 7274DA472C74D93600245DCD /* ReuseIdentifierProtocol.swift */; };
		7274DA4B2C74DC8300245DCD /* WODTableTitles.swift in Sources */ = {isa = PBXBuildFile; fileRef = 7274DA4A2C74DC8300245DCD /* WODTableTitles.swift */; };
		7274DA4E2C74DF4C00245DCD /* TriangleImage.swift in Sources */ = {isa = PBXBuildFile; fileRef = 7274DA4D2C74DF4C00245DCD /* TriangleImage.swift */; };
		7274DA522C74FE1200245DCD /* RoutineView.swift in Sources */ = {isa = PBXBuildFile; fileRef = 7274DA512C74FE1200245DCD /* RoutineView.swift */; };
		7274DA542C74FE2300245DCD /* RoutineViewController.swift in Sources */ = {isa = PBXBuildFile; fileRef = 7274DA532C74FE2300245DCD /* RoutineViewController.swift */; };
		7274DA572C75008700245DCD /* RoutineViewModel.swift in Sources */ = {isa = PBXBuildFile; fileRef = 7274DA562C75008700245DCD /* RoutineViewModel.swift */; };
		7274DA592C75016200245DCD /* RoutineTableViewCell.swift in Sources */ = {isa = PBXBuildFile; fileRef = 7274DA582C75016200245DCD /* RoutineTableViewCell.swift */; };
		7274DA5B2C75088F00245DCD /* RoutineCollectionViewCell.swift in Sources */ = {isa = PBXBuildFile; fileRef = 7274DA5A2C75088F00245DCD /* RoutineCollectionViewCell.swift */; };
		7274DA5D2C7510F700245DCD /* RoutineAreaButton.swift in Sources */ = {isa = PBXBuildFile; fileRef = 7274DA5C2C7510F700245DCD /* RoutineAreaButton.swift */; };
		7274DA7D2C75D55000245DCD /* RoutineType.swift in Sources */ = {isa = PBXBuildFile; fileRef = 7274DA7C2C75D55000245DCD /* RoutineType.swift */; };
		7274DA7F2C75DE9C00245DCD /* RoutineSelectedCollectionViewCell.swift in Sources */ = {isa = PBXBuildFile; fileRef = 7274DA7E2C75DE9C00245DCD /* RoutineSelectedCollectionViewCell.swift */; };
		72940B372C7C9CDC00311CE8 /* MyRoutineMenuViewController.swift in Sources */ = {isa = PBXBuildFile; fileRef = 72940B362C7C9CDC00311CE8 /* MyRoutineMenuViewController.swift */; };
		72940B392C7C9CE800311CE8 /* MyRoutineMenuView.swift in Sources */ = {isa = PBXBuildFile; fileRef = 72940B382C7C9CE800311CE8 /* MyRoutineMenuView.swift */; };
		72940B3B2C7C9E8900311CE8 /* MyRoutineMenuViewModel.swift in Sources */ = {isa = PBXBuildFile; fileRef = 72940B3A2C7C9E8900311CE8 /* MyRoutineMenuViewModel.swift */; };
		72940B3D2C7C9FC900311CE8 /* MyRoutineMenuTableViewCell.swift in Sources */ = {isa = PBXBuildFile; fileRef = 72940B3C2C7C9FC900311CE8 /* MyRoutineMenuTableViewCell.swift */; };
		72940B422C7CAE5C00311CE8 /* HealthDataView.swift in Sources */ = {isa = PBXBuildFile; fileRef = 72940B412C7CAE5C00311CE8 /* HealthDataView.swift */; };
		72940B442C7CAE8200311CE8 /* HealthDataViewController.swift in Sources */ = {isa = PBXBuildFile; fileRef = 72940B432C7CAE8200311CE8 /* HealthDataViewController.swift */; };
		72940B462C7CAEAE00311CE8 /* HealthDataViewModel.swift in Sources */ = {isa = PBXBuildFile; fileRef = 72940B452C7CAEAE00311CE8 /* HealthDataViewModel.swift */; };
		72940B482C7CB03D00311CE8 /* HealthDataCollectionViewCell.swift in Sources */ = {isa = PBXBuildFile; fileRef = 72940B472C7CB03D00311CE8 /* HealthDataCollectionViewCell.swift */; };
		72940B592C7D86F900311CE8 /* MyRoutineSelectView.swift in Sources */ = {isa = PBXBuildFile; fileRef = 72940B582C7D86F900311CE8 /* MyRoutineSelectView.swift */; };
		72940B5C2C7D873D00311CE8 /* MyRoutineSelectViewController.swift in Sources */ = {isa = PBXBuildFile; fileRef = 72940B5B2C7D873D00311CE8 /* MyRoutineSelectViewController.swift */; };
		72940B5F2C7D8BAE00311CE8 /* UIButton+Extension.swift in Sources */ = {isa = PBXBuildFile; fileRef = 72940B5E2C7D8BAE00311CE8 /* UIButton+Extension.swift */; };
		72940B622C7D932600311CE8 /* MyRoutineSelectViewModel.swift in Sources */ = {isa = PBXBuildFile; fileRef = 72940B612C7D932600311CE8 /* MyRoutineSelectViewModel.swift */; };
		72940B642C7DCF7600311CE8 /* FitnessAreaCollectionViewCell.swift in Sources */ = {isa = PBXBuildFile; fileRef = 72940B632C7DCF7600311CE8 /* FitnessAreaCollectionViewCell.swift */; };
		72940B662C7E1BF100311CE8 /* MyRoutineSelectTableViewCell.swift in Sources */ = {isa = PBXBuildFile; fileRef = 72940B652C7E1BF100311CE8 /* MyRoutineSelectTableViewCell.swift */; };
		72940B682C7E3B7F00311CE8 /* SelectedRoutineCollectionViewCell.swift in Sources */ = {isa = PBXBuildFile; fileRef = 72940B672C7E3B7F00311CE8 /* SelectedRoutineCollectionViewCell.swift */; };
		72940B6A2C7EAA3D00311CE8 /* DeleteButton.swift in Sources */ = {isa = PBXBuildFile; fileRef = 72940B692C7EAA3D00311CE8 /* DeleteButton.swift */; };
		72940B772C7F17F600311CE8 /* MyRoutineDetailTableViewCell.swift in Sources */ = {isa = PBXBuildFile; fileRef = 72940B762C7F17F600311CE8 /* MyRoutineDetailTableViewCell.swift */; };
/* End PBXBuildFile section */

/* Begin PBXFileReference section */
		723E46FF2C6CD240004B0E0C /* HealthCommunity.app */ = {isa = PBXFileReference; explicitFileType = wrapper.application; includeInIndex = 0; path = HealthCommunity.app; sourceTree = BUILT_PRODUCTS_DIR; };
		723E47022C6CD240004B0E0C /* AppDelegate.swift */ = {isa = PBXFileReference; lastKnownFileType = sourcecode.swift; path = AppDelegate.swift; sourceTree = "<group>"; };
		723E47042C6CD240004B0E0C /* SceneDelegate.swift */ = {isa = PBXFileReference; lastKnownFileType = sourcecode.swift; path = SceneDelegate.swift; sourceTree = "<group>"; };
		723E470B2C6CD241004B0E0C /* Assets.xcassets */ = {isa = PBXFileReference; lastKnownFileType = folder.assetcatalog; path = Assets.xcassets; sourceTree = "<group>"; };
		723E470E2C6CD241004B0E0C /* Base */ = {isa = PBXFileReference; lastKnownFileType = file.storyboard; name = Base; path = Base.lproj/LaunchScreen.storyboard; sourceTree = "<group>"; };
		723E47102C6CD241004B0E0C /* Info.plist */ = {isa = PBXFileReference; lastKnownFileType = text.plist.xml; path = Info.plist; sourceTree = "<group>"; };
		723E47162C6CD32B004B0E0C /* .gitignore */ = {isa = PBXFileReference; lastKnownFileType = text; path = .gitignore; sourceTree = "<group>"; };
		723E47182C6CD360004B0E0C /* APIKey.swift */ = {isa = PBXFileReference; lastKnownFileType = sourcecode.swift; path = APIKey.swift; sourceTree = "<group>"; };
		723E471E2C6DBF5F004B0E0C /* BaseView.swift */ = {isa = PBXFileReference; lastKnownFileType = sourcecode.swift; path = BaseView.swift; sourceTree = "<group>"; };
		723E47202C6DBF98004B0E0C /* BaseViewController.swift */ = {isa = PBXFileReference; lastKnownFileType = sourcecode.swift; path = BaseViewController.swift; sourceTree = "<group>"; };
		723E47222C6DBFBB004B0E0C /* BaseCollectionViewCell.swift */ = {isa = PBXFileReference; lastKnownFileType = sourcecode.swift; path = BaseCollectionViewCell.swift; sourceTree = "<group>"; };
		723E47242C6DBFE7004B0E0C /* BaseTableViewCell.swift */ = {isa = PBXFileReference; lastKnownFileType = sourcecode.swift; path = BaseTableViewCell.swift; sourceTree = "<group>"; };
		723E47342C6DC23B004B0E0C /* OnBoardingViewController.swift */ = {isa = PBXFileReference; lastKnownFileType = sourcecode.swift; path = OnBoardingViewController.swift; sourceTree = "<group>"; };
		723E47362C6DC279004B0E0C /* OnBoardingView.swift */ = {isa = PBXFileReference; lastKnownFileType = sourcecode.swift; path = OnBoardingView.swift; sourceTree = "<group>"; };
		723E473A2C6DC5BE004B0E0C /* BaseButton.swift */ = {isa = PBXFileReference; lastKnownFileType = sourcecode.swift; path = BaseButton.swift; sourceTree = "<group>"; };
		723E473D2C6DC6EC004B0E0C /* ResourceFont.swift */ = {isa = PBXFileReference; lastKnownFileType = sourcecode.swift; path = ResourceFont.swift; sourceTree = "<group>"; };
		723E47432C6DCA1B004B0E0C /* ButtonTitle.swift */ = {isa = PBXFileReference; lastKnownFileType = sourcecode.swift; path = ButtonTitle.swift; sourceTree = "<group>"; };
		723E47452C6DCE9C004B0E0C /* BaseViewModel.swift */ = {isa = PBXFileReference; lastKnownFileType = sourcecode.swift; path = BaseViewModel.swift; sourceTree = "<group>"; };
		723E47482C6DCF22004B0E0C /* OnBoardingViewModel.swift */ = {isa = PBXFileReference; lastKnownFileType = sourcecode.swift; path = OnBoardingViewModel.swift; sourceTree = "<group>"; };
		723E47522C6DD9E2004B0E0C /* LSLPAPIManager.swift */ = {isa = PBXFileReference; lastKnownFileType = sourcecode.swift; path = LSLPAPIManager.swift; sourceTree = "<group>"; };
		723E47552C6DDC77004B0E0C /* APIError.swift */ = {isa = PBXFileReference; lastKnownFileType = sourcecode.swift; path = APIError.swift; sourceTree = "<group>"; };
		723E47572C6DDCD2004B0E0C /* TargetType.swift */ = {isa = PBXFileReference; lastKnownFileType = sourcecode.swift; path = TargetType.swift; sourceTree = "<group>"; };
		723E47592C6DDD0A004B0E0C /* LSLPRouter.swift */ = {isa = PBXFileReference; lastKnownFileType = sourcecode.swift; path = LSLPRouter.swift; sourceTree = "<group>"; };
		723E475B2C6DE187004B0E0C /* Header.swift */ = {isa = PBXFileReference; lastKnownFileType = sourcecode.swift; path = Header.swift; sourceTree = "<group>"; };
		723E47622C6F2718004B0E0C /* EmailView.swift */ = {isa = PBXFileReference; lastKnownFileType = sourcecode.swift; path = EmailView.swift; sourceTree = "<group>"; };
		723E47642C6F2720004B0E0C /* EmailViewController.swift */ = {isa = PBXFileReference; lastKnownFileType = sourcecode.swift; path = EmailViewController.swift; sourceTree = "<group>"; };
		723E47672C6F288E004B0E0C /* LineTextField.swift */ = {isa = PBXFileReference; lastKnownFileType = sourcecode.swift; path = LineTextField.swift; sourceTree = "<group>"; };
		723E47692C6F28C5004B0E0C /* TextFieldPlaceholder.swift */ = {isa = PBXFileReference; lastKnownFileType = sourcecode.swift; path = TextFieldPlaceholder.swift; sourceTree = "<group>"; };
		723E476C2C6F3345004B0E0C /* EmailViewModel.swift */ = {isa = PBXFileReference; lastKnownFileType = sourcecode.swift; path = EmailViewModel.swift; sourceTree = "<group>"; };
		723E476F2C6F3814004B0E0C /* EmailCheck.swift */ = {isa = PBXFileReference; lastKnownFileType = sourcecode.swift; path = EmailCheck.swift; sourceTree = "<group>"; };
		723E47742C6F3ED5004B0E0C /* Body.swift */ = {isa = PBXFileReference; lastKnownFileType = sourcecode.swift; path = Body.swift; sourceTree = "<group>"; };
		723E477A2C705E6D004B0E0C /* PasswordView.swift */ = {isa = PBXFileReference; lastKnownFileType = sourcecode.swift; path = PasswordView.swift; sourceTree = "<group>"; };
		723E477C2C705E81004B0E0C /* PasswordViewController.swift */ = {isa = PBXFileReference; lastKnownFileType = sourcecode.swift; path = PasswordViewController.swift; sourceTree = "<group>"; };
		723E477E2C706EEE004B0E0C /* PasswordViewModel.swift */ = {isa = PBXFileReference; lastKnownFileType = sourcecode.swift; path = PasswordViewModel.swift; sourceTree = "<group>"; };
		723E478B2C707DC2004B0E0C /* LoginView.swift */ = {isa = PBXFileReference; lastKnownFileType = sourcecode.swift; path = LoginView.swift; sourceTree = "<group>"; };
		723E478D2C707DD9004B0E0C /* LoginViewController.swift */ = {isa = PBXFileReference; lastKnownFileType = sourcecode.swift; path = LoginViewController.swift; sourceTree = "<group>"; };
		723E478F2C707E79004B0E0C /* BoxTypeTextField.swift */ = {isa = PBXFileReference; lastKnownFileType = sourcecode.swift; path = BoxTypeTextField.swift; sourceTree = "<group>"; };
		723E47912C7081C4004B0E0C /* PasswordSecureButton.swift */ = {isa = PBXFileReference; lastKnownFileType = sourcecode.swift; path = PasswordSecureButton.swift; sourceTree = "<group>"; };
		723E47932C70875D004B0E0C /* LoginViewModel.swift */ = {isa = PBXFileReference; lastKnownFileType = sourcecode.swift; path = LoginViewModel.swift; sourceTree = "<group>"; };
		723E47972C7089AD004B0E0C /* NicknameView.swift */ = {isa = PBXFileReference; lastKnownFileType = sourcecode.swift; path = NicknameView.swift; sourceTree = "<group>"; };
		723E47992C7089B8004B0E0C /* NicknameViewController.swift */ = {isa = PBXFileReference; lastKnownFileType = sourcecode.swift; path = NicknameViewController.swift; sourceTree = "<group>"; };
		723E479B2C708E48004B0E0C /* NicknameViewModel.swift */ = {isa = PBXFileReference; lastKnownFileType = sourcecode.swift; path = NicknameViewModel.swift; sourceTree = "<group>"; };
		723E479E2C71DD7C004B0E0C /* JoinResponse.swift */ = {isa = PBXFileReference; lastKnownFileType = sourcecode.swift; path = JoinResponse.swift; sourceTree = "<group>"; };
		723E47A12C721152004B0E0C /* UserDefaultsManager.swift */ = {isa = PBXFileReference; lastKnownFileType = sourcecode.swift; path = UserDefaultsManager.swift; sourceTree = "<group>"; };
		723E47A42C7212E7004B0E0C /* LoginResponse.swift */ = {isa = PBXFileReference; lastKnownFileType = sourcecode.swift; path = LoginResponse.swift; sourceTree = "<group>"; };
		723E47A82C721AEB004B0E0C /* MainViewController.swift */ = {isa = PBXFileReference; lastKnownFileType = sourcecode.swift; path = MainViewController.swift; sourceTree = "<group>"; };
		723E47AA2C721AF1004B0E0C /* MainView.swift */ = {isa = PBXFileReference; lastKnownFileType = sourcecode.swift; path = MainView.swift; sourceTree = "<group>"; };
		723E47B42C7369CA004B0E0C /* PostButton.swift */ = {isa = PBXFileReference; lastKnownFileType = sourcecode.swift; path = PostButton.swift; sourceTree = "<group>"; };
		723E47BD2C736DAF004B0E0C /* MainViewModel.swift */ = {isa = PBXFileReference; lastKnownFileType = sourcecode.swift; path = MainViewModel.swift; sourceTree = "<group>"; };
		723E47C12C7385C6004B0E0C /* WODView.swift */ = {isa = PBXFileReference; lastKnownFileType = sourcecode.swift; path = WODView.swift; sourceTree = "<group>"; };
		723E47C32C7385CF004B0E0C /* WODViewController.swift */ = {isa = PBXFileReference; lastKnownFileType = sourcecode.swift; path = WODViewController.swift; sourceTree = "<group>"; };
		723E47C52C7389A9004B0E0C /* CameraButton.swift */ = {isa = PBXFileReference; lastKnownFileType = sourcecode.swift; path = CameraButton.swift; sourceTree = "<group>"; };
		723E47C82C738DF8004B0E0C /* WODViewModel.swift */ = {isa = PBXFileReference; lastKnownFileType = sourcecode.swift; path = WODViewModel.swift; sourceTree = "<group>"; };
		725B9A272C761E930078863C /* RoutineData.swift */ = {isa = PBXFileReference; lastKnownFileType = sourcecode.swift; path = RoutineData.swift; sourceTree = "<group>"; };
		725B9A2A2C76547E0078863C /* AuthRouter.swift */ = {isa = PBXFileReference; lastKnownFileType = sourcecode.swift; path = AuthRouter.swift; sourceTree = "<group>"; };
		725B9A2C2C7654C60078863C /* PostRouter.swift */ = {isa = PBXFileReference; lastKnownFileType = sourcecode.swift; path = PostRouter.swift; sourceTree = "<group>"; };
		725B9A2E2C765DD70078863C /* ImageResponse.swift */ = {isa = PBXFileReference; lastKnownFileType = sourcecode.swift; path = ImageResponse.swift; sourceTree = "<group>"; };
		725B9A4F2C772A8C0078863C /* MainWodTableViewCell.swift */ = {isa = PBXFileReference; lastKnownFileType = sourcecode.swift; path = MainWodTableViewCell.swift; sourceTree = "<group>"; };
		725B9A512C7770BF0078863C /* OpponentProfileImage.swift */ = {isa = PBXFileReference; lastKnownFileType = sourcecode.swift; path = OpponentProfileImage.swift; sourceTree = "<group>"; };
		725B9A542C7788A10078863C /* TabBarController.swift */ = {isa = PBXFileReference; lastKnownFileType = sourcecode.swift; path = TabBarController.swift; sourceTree = "<group>"; };
		725B9A592C778AA70078863C /* MyRoutineView.swift */ = {isa = PBXFileReference; lastKnownFileType = sourcecode.swift; path = MyRoutineView.swift; sourceTree = "<group>"; };
		725B9A5B2C778AB40078863C /* MyRoutineViewController.swift */ = {isa = PBXFileReference; lastKnownFileType = sourcecode.swift; path = MyRoutineViewController.swift; sourceTree = "<group>"; };
		725B9A5D2C778ABF0078863C /* ChatView.swift */ = {isa = PBXFileReference; lastKnownFileType = sourcecode.swift; path = ChatView.swift; sourceTree = "<group>"; };
		725B9A5F2C778ACB0078863C /* ChatViewController.swift */ = {isa = PBXFileReference; lastKnownFileType = sourcecode.swift; path = ChatViewController.swift; sourceTree = "<group>"; };
		725B9A612C778AD40078863C /* ProfileView.swift */ = {isa = PBXFileReference; lastKnownFileType = sourcecode.swift; path = ProfileView.swift; sourceTree = "<group>"; };
		725B9A632C778ADF0078863C /* ProfileViewController.swift */ = {isa = PBXFileReference; lastKnownFileType = sourcecode.swift; path = ProfileViewController.swift; sourceTree = "<group>"; };
		725B9A652C7795B30078863C /* HealthCommunity.entitlements */ = {isa = PBXFileReference; lastKnownFileType = text.plist.entitlements; path = HealthCommunity.entitlements; sourceTree = "<group>"; };
		725B9A662C785EDC0078863C /* MainFeedbackTableViewCell.swift */ = {isa = PBXFileReference; lastKnownFileType = sourcecode.swift; path = MainFeedbackTableViewCell.swift; sourceTree = "<group>"; };
		725B9A682C785F190078863C /* MainCommunityTableViewCell.swift */ = {isa = PBXFileReference; lastKnownFileType = sourcecode.swift; path = MainCommunityTableViewCell.swift; sourceTree = "<group>"; };
		725B9A6C2C786C490078863C /* ProfileViewModel.swift */ = {isa = PBXFileReference; lastKnownFileType = sourcecode.swift; path = ProfileViewModel.swift; sourceTree = "<group>"; };
		725B9A6E2C786D990078863C /* ProfileListTableViewCell.swift */ = {isa = PBXFileReference; lastKnownFileType = sourcecode.swift; path = ProfileListTableViewCell.swift; sourceTree = "<group>"; };
		725B9A702C78D4AB0078863C /* PostResponse.swift */ = {isa = PBXFileReference; lastKnownFileType = sourcecode.swift; path = PostResponse.swift; sourceTree = "<group>"; };
		725B9A752C79A26B0078863C /* ProfileRouter.swift */ = {isa = PBXFileReference; lastKnownFileType = sourcecode.swift; path = ProfileRouter.swift; sourceTree = "<group>"; };
		725B9A772C79A50C0078863C /* ProfileResponse.swift */ = {isa = PBXFileReference; lastKnownFileType = sourcecode.swift; path = ProfileResponse.swift; sourceTree = "<group>"; };
		725B9A7D2C79C77F0078863C /* EditProfileView.swift */ = {isa = PBXFileReference; lastKnownFileType = sourcecode.swift; path = EditProfileView.swift; sourceTree = "<group>"; };
		725B9A7F2C79C78E0078863C /* EditProfileViewController.swift */ = {isa = PBXFileReference; lastKnownFileType = sourcecode.swift; path = EditProfileViewController.swift; sourceTree = "<group>"; };
		725B9A812C79C79F0078863C /* EditProfileViewModel.swift */ = {isa = PBXFileReference; lastKnownFileType = sourcecode.swift; path = EditProfileViewModel.swift; sourceTree = "<group>"; };
		725B9A832C79CCEC0078863C /* MyProfileImageView.swift */ = {isa = PBXFileReference; lastKnownFileType = sourcecode.swift; path = MyProfileImageView.swift; sourceTree = "<group>"; };
		725B9A852C79CDCB0078863C /* ProfileChangeButton.swift */ = {isa = PBXFileReference; lastKnownFileType = sourcecode.swift; path = ProfileChangeButton.swift; sourceTree = "<group>"; };
		725B9A872C79CEAF0078863C /* BoxTypeProfileTextField.swift */ = {isa = PBXFileReference; lastKnownFileType = sourcecode.swift; path = BoxTypeProfileTextField.swift; sourceTree = "<group>"; };
		725B9A8D2C7A3B640078863C /* DetailViewController.swift */ = {isa = PBXFileReference; lastKnownFileType = sourcecode.swift; path = DetailViewController.swift; sourceTree = "<group>"; };
		725B9A8F2C7A3B720078863C /* DetailView.swift */ = {isa = PBXFileReference; lastKnownFileType = sourcecode.swift; path = DetailView.swift; sourceTree = "<group>"; };
		725B9A912C7A3BB80078863C /* DetailViewModel.swift */ = {isa = PBXFileReference; lastKnownFileType = sourcecode.swift; path = DetailViewModel.swift; sourceTree = "<group>"; };
		725B9A932C7A3FBE0078863C /* ToggleDetailView.swift */ = {isa = PBXFileReference; lastKnownFileType = sourcecode.swift; path = ToggleDetailView.swift; sourceTree = "<group>"; };
		725B9A992C7B0CCE0078863C /* CommentTableViewCell.swift */ = {isa = PBXFileReference; lastKnownFileType = sourcecode.swift; path = CommentTableViewCell.swift; sourceTree = "<group>"; };
		725B9A9C2C7B14A20078863C /* CommentView.swift */ = {isa = PBXFileReference; lastKnownFileType = sourcecode.swift; path = CommentView.swift; sourceTree = "<group>"; };
		725B9A9E2C7B14B20078863C /* CommentViewController.swift */ = {isa = PBXFileReference; lastKnownFileType = sourcecode.swift; path = CommentViewController.swift; sourceTree = "<group>"; };
		725B9AA22C7B1B4D0078863C /* CommentViewModel.swift */ = {isa = PBXFileReference; lastKnownFileType = sourcecode.swift; path = CommentViewModel.swift; sourceTree = "<group>"; };
		725B9AA42C7B21680078863C /* CommentRouter.swift */ = {isa = PBXFileReference; lastKnownFileType = sourcecode.swift; path = CommentRouter.swift; sourceTree = "<group>"; };
		725B9AA62C7B2A0C0078863C /* CommentResponse.swift */ = {isa = PBXFileReference; lastKnownFileType = sourcecode.swift; path = CommentResponse.swift; sourceTree = "<group>"; };
		725B9AAB2C7B68F90078863C /* SendButton.swift */ = {isa = PBXFileReference; lastKnownFileType = sourcecode.swift; path = SendButton.swift; sourceTree = "<group>"; };
		725B9AAE2C7B6B300078863C /* FormatterManager.swift */ = {isa = PBXFileReference; lastKnownFileType = sourcecode.swift; path = FormatterManager.swift; sourceTree = "<group>"; };
		725B9ABE2C7C952E0078863C /* MyRoutineViewModel.swift */ = {isa = PBXFileReference; lastKnownFileType = sourcecode.swift; path = MyRoutineViewModel.swift; sourceTree = "<group>"; };
		7274DA442C74D8E700245DCD /* WODTableViewCell.swift */ = {isa = PBXFileReference; lastKnownFileType = sourcecode.swift; path = WODTableViewCell.swift; sourceTree = "<group>"; };
		7274DA472C74D93600245DCD /* ReuseIdentifierProtocol.swift */ = {isa = PBXFileReference; lastKnownFileType = sourcecode.swift; path = ReuseIdentifierProtocol.swift; sourceTree = "<group>"; };
		7274DA4A2C74DC8300245DCD /* WODTableTitles.swift */ = {isa = PBXFileReference; lastKnownFileType = sourcecode.swift; path = WODTableTitles.swift; sourceTree = "<group>"; };
		7274DA4D2C74DF4C00245DCD /* TriangleImage.swift */ = {isa = PBXFileReference; lastKnownFileType = sourcecode.swift; path = TriangleImage.swift; sourceTree = "<group>"; };
		7274DA512C74FE1200245DCD /* RoutineView.swift */ = {isa = PBXFileReference; lastKnownFileType = sourcecode.swift; path = RoutineView.swift; sourceTree = "<group>"; };
		7274DA532C74FE2300245DCD /* RoutineViewController.swift */ = {isa = PBXFileReference; lastKnownFileType = sourcecode.swift; path = RoutineViewController.swift; sourceTree = "<group>"; };
		7274DA562C75008700245DCD /* RoutineViewModel.swift */ = {isa = PBXFileReference; lastKnownFileType = sourcecode.swift; path = RoutineViewModel.swift; sourceTree = "<group>"; };
		7274DA582C75016200245DCD /* RoutineTableViewCell.swift */ = {isa = PBXFileReference; lastKnownFileType = sourcecode.swift; path = RoutineTableViewCell.swift; sourceTree = "<group>"; };
		7274DA5A2C75088F00245DCD /* RoutineCollectionViewCell.swift */ = {isa = PBXFileReference; lastKnownFileType = sourcecode.swift; path = RoutineCollectionViewCell.swift; sourceTree = "<group>"; };
		7274DA5C2C7510F700245DCD /* RoutineAreaButton.swift */ = {isa = PBXFileReference; lastKnownFileType = sourcecode.swift; path = RoutineAreaButton.swift; sourceTree = "<group>"; };
		7274DA7C2C75D55000245DCD /* RoutineType.swift */ = {isa = PBXFileReference; lastKnownFileType = sourcecode.swift; path = RoutineType.swift; sourceTree = "<group>"; };
		7274DA7E2C75DE9C00245DCD /* RoutineSelectedCollectionViewCell.swift */ = {isa = PBXFileReference; lastKnownFileType = sourcecode.swift; path = RoutineSelectedCollectionViewCell.swift; sourceTree = "<group>"; };
		72940B362C7C9CDC00311CE8 /* MyRoutineMenuViewController.swift */ = {isa = PBXFileReference; lastKnownFileType = sourcecode.swift; path = MyRoutineMenuViewController.swift; sourceTree = "<group>"; };
		72940B382C7C9CE800311CE8 /* MyRoutineMenuView.swift */ = {isa = PBXFileReference; lastKnownFileType = sourcecode.swift; path = MyRoutineMenuView.swift; sourceTree = "<group>"; };
		72940B3A2C7C9E8900311CE8 /* MyRoutineMenuViewModel.swift */ = {isa = PBXFileReference; lastKnownFileType = sourcecode.swift; path = MyRoutineMenuViewModel.swift; sourceTree = "<group>"; };
		72940B3C2C7C9FC900311CE8 /* MyRoutineMenuTableViewCell.swift */ = {isa = PBXFileReference; lastKnownFileType = sourcecode.swift; path = MyRoutineMenuTableViewCell.swift; sourceTree = "<group>"; };
		72940B412C7CAE5C00311CE8 /* HealthDataView.swift */ = {isa = PBXFileReference; lastKnownFileType = sourcecode.swift; path = HealthDataView.swift; sourceTree = "<group>"; };
		72940B432C7CAE8200311CE8 /* HealthDataViewController.swift */ = {isa = PBXFileReference; lastKnownFileType = sourcecode.swift; path = HealthDataViewController.swift; sourceTree = "<group>"; };
		72940B452C7CAEAE00311CE8 /* HealthDataViewModel.swift */ = {isa = PBXFileReference; lastKnownFileType = sourcecode.swift; path = HealthDataViewModel.swift; sourceTree = "<group>"; };
		72940B472C7CB03D00311CE8 /* HealthDataCollectionViewCell.swift */ = {isa = PBXFileReference; lastKnownFileType = sourcecode.swift; path = HealthDataCollectionViewCell.swift; sourceTree = "<group>"; };
		72940B582C7D86F900311CE8 /* MyRoutineSelectView.swift */ = {isa = PBXFileReference; lastKnownFileType = sourcecode.swift; path = MyRoutineSelectView.swift; sourceTree = "<group>"; };
		72940B5B2C7D873D00311CE8 /* MyRoutineSelectViewController.swift */ = {isa = PBXFileReference; lastKnownFileType = sourcecode.swift; path = MyRoutineSelectViewController.swift; sourceTree = "<group>"; };
		72940B5E2C7D8BAE00311CE8 /* UIButton+Extension.swift */ = {isa = PBXFileReference; lastKnownFileType = sourcecode.swift; path = "UIButton+Extension.swift"; sourceTree = "<group>"; };
		72940B612C7D932600311CE8 /* MyRoutineSelectViewModel.swift */ = {isa = PBXFileReference; lastKnownFileType = sourcecode.swift; path = MyRoutineSelectViewModel.swift; sourceTree = "<group>"; };
		72940B632C7DCF7600311CE8 /* FitnessAreaCollectionViewCell.swift */ = {isa = PBXFileReference; lastKnownFileType = sourcecode.swift; path = FitnessAreaCollectionViewCell.swift; sourceTree = "<group>"; };
		72940B652C7E1BF100311CE8 /* MyRoutineSelectTableViewCell.swift */ = {isa = PBXFileReference; lastKnownFileType = sourcecode.swift; path = MyRoutineSelectTableViewCell.swift; sourceTree = "<group>"; };
		72940B672C7E3B7F00311CE8 /* SelectedRoutineCollectionViewCell.swift */ = {isa = PBXFileReference; lastKnownFileType = sourcecode.swift; path = SelectedRoutineCollectionViewCell.swift; sourceTree = "<group>"; };
		72940B692C7EAA3D00311CE8 /* DeleteButton.swift */ = {isa = PBXFileReference; lastKnownFileType = sourcecode.swift; path = DeleteButton.swift; sourceTree = "<group>"; };
		72940B762C7F17F600311CE8 /* MyRoutineDetailTableViewCell.swift */ = {isa = PBXFileReference; lastKnownFileType = sourcecode.swift; path = MyRoutineDetailTableViewCell.swift; sourceTree = "<group>"; };
/* End PBXFileReference section */

/* Begin PBXFrameworksBuildPhase section */
		723E46FC2C6CD240004B0E0C /* Frameworks */ = {
			isa = PBXFrameworksBuildPhase;
			buildActionMask = 2147483647;
			files = (
				725B9A742C78F6240078863C /* Kingfisher in Frameworks */,
				725B9AAA2C7B64FB0078863C /* JGProgressHUD in Frameworks */,
				723E472D2C6DC11A004B0E0C /* RxSwift in Frameworks */,
				723E47302C6DC12A004B0E0C /* SnapKit in Frameworks */,
				723E472B2C6DC11A004B0E0C /* RxCocoa in Frameworks */,
				725B9AB62C7C5ACD0078863C /* FSCalendar in Frameworks */,
				723E47732C6F3B87004B0E0C /* Toast in Frameworks */,
				723E47282C6DC100004B0E0C /* Alamofire in Frameworks */,
			);
			runOnlyForDeploymentPostprocessing = 0;
		};
/* End PBXFrameworksBuildPhase section */

/* Begin PBXGroup section */
		723E46F62C6CD240004B0E0C = {
			isa = PBXGroup;
			children = (
				723E47162C6CD32B004B0E0C /* .gitignore */,
				723E47012C6CD240004B0E0C /* HealthCommunity */,
				723E47002C6CD240004B0E0C /* Products */,
			);
			sourceTree = "<group>";
		};
		723E47002C6CD240004B0E0C /* Products */ = {
			isa = PBXGroup;
			children = (
				723E46FF2C6CD240004B0E0C /* HealthCommunity.app */,
			);
			name = Products;
			sourceTree = "<group>";
		};
		723E47012C6CD240004B0E0C /* HealthCommunity */ = {
			isa = PBXGroup;
			children = (
				725B9A652C7795B30078863C /* HealthCommunity.entitlements */,
				723E471A2C6DBC6D004B0E0C /* Resources */,
				723E471C2C6DBCA6004B0E0C /* Sources */,
				723E47102C6CD241004B0E0C /* Info.plist */,
				723E47182C6CD360004B0E0C /* APIKey.swift */,
			);
			path = HealthCommunity;
			sourceTree = "<group>";
		};
		723E471A2C6DBC6D004B0E0C /* Resources */ = {
			isa = PBXGroup;
			children = (
				723E47022C6CD240004B0E0C /* AppDelegate.swift */,
				723E47042C6CD240004B0E0C /* SceneDelegate.swift */,
				723E471B2C6DBC85004B0E0C /* StoryBoard */,
				723E473C2C6DC6C4004B0E0C /* Fonts */,
				723E470B2C6CD241004B0E0C /* Assets.xcassets */,
				725B9A262C761E860078863C /* Dummy */,
			);
			path = Resources;
			sourceTree = "<group>";
		};
		723E471B2C6DBC85004B0E0C /* StoryBoard */ = {
			isa = PBXGroup;
			children = (
				723E470D2C6CD241004B0E0C /* LaunchScreen.storyboard */,
			);
			path = StoryBoard;
			sourceTree = "<group>";
		};
		723E471C2C6DBCA6004B0E0C /* Sources */ = {
			isa = PBXGroup;
			children = (
				72940B5D2C7D8B9100311CE8 /* Extensions */,
				725B9AAD2C7B6B210078863C /* Utilities */,
				725B9A532C7788910078863C /* TabBar */,
				7274DA462C74D92A00245DCD /* Protocol */,
				723E471D2C6DBE43004B0E0C /* Base */,
				723E47A02C72113B004B0E0C /* UserDefaults */,
				723E47512C6DD971004B0E0C /* Network */,
				723E473F2C6DC9D3004B0E0C /* Constants */,
				723E47382C6DC4FE004B0E0C /* Custom */,
				723E47312C6DC1DA004B0E0C /* Scenes */,
			);
			path = Sources;
			sourceTree = "<group>";
		};
		723E471D2C6DBE43004B0E0C /* Base */ = {
			isa = PBXGroup;
			children = (
				723E471E2C6DBF5F004B0E0C /* BaseView.swift */,
				723E47202C6DBF98004B0E0C /* BaseViewController.swift */,
				723E47222C6DBFBB004B0E0C /* BaseCollectionViewCell.swift */,
				723E47242C6DBFE7004B0E0C /* BaseTableViewCell.swift */,
				723E47452C6DCE9C004B0E0C /* BaseViewModel.swift */,
			);
			path = Base;
			sourceTree = "<group>";
		};
		723E47312C6DC1DA004B0E0C /* Scenes */ = {
			isa = PBXGroup;
			children = (
				725B9A892C7A3B140078863C /* DetailScene */,
				723E47322C6DC1F3004B0E0C /* OnBoardingScene */,
				723E47872C707D61004B0E0C /* LoginScene */,
				725B9A582C778A720078863C /* ProfileScene */,
				725B9A572C778A6C0078863C /* ChatScene */,
				725B9A562C778A550078863C /* MyRoutineScene */,
				7274DA7A2C75D1D700245DCD /* CaloryScene */,
				723E47A62C721AD2004B0E0C /* MainScene */,
				723E47B62C736CB8004B0E0C /* PostScene */,
				7274DA4F2C74FDAC00245DCD /* RoutineScene */,
				7274DA782C75D1AD00245DCD /* NutrientScene */,
				7274DA792C75D1C800245DCD /* WorkoutTimeScene */,
			);
			path = Scenes;
			sourceTree = "<group>";
		};
		723E47322C6DC1F3004B0E0C /* OnBoardingScene */ = {
			isa = PBXGroup;
			children = (
				723E47332C6DC20C004B0E0C /* View */,
				723E47472C6DCEDF004B0E0C /* ViewModel */,
			);
			path = OnBoardingScene;
			sourceTree = "<group>";
		};
		723E47332C6DC20C004B0E0C /* View */ = {
			isa = PBXGroup;
			children = (
				723E47342C6DC23B004B0E0C /* OnBoardingViewController.swift */,
				723E47362C6DC279004B0E0C /* OnBoardingView.swift */,
			);
			path = View;
			sourceTree = "<group>";
		};
		723E47382C6DC4FE004B0E0C /* Custom */ = {
			isa = PBXGroup;
			children = (
				7274DA4C2C74DF3A00245DCD /* ImageView */,
				723E47662C6F287B004B0E0C /* TextField */,
				723E47392C6DC573004B0E0C /* Button */,
			);
			path = Custom;
			sourceTree = "<group>";
		};
		723E47392C6DC573004B0E0C /* Button */ = {
			isa = PBXGroup;
			children = (
				723E473A2C6DC5BE004B0E0C /* BaseButton.swift */,
				723E47912C7081C4004B0E0C /* PasswordSecureButton.swift */,
				723E47B42C7369CA004B0E0C /* PostButton.swift */,
				723E47C52C7389A9004B0E0C /* CameraButton.swift */,
				7274DA5C2C7510F700245DCD /* RoutineAreaButton.swift */,
				725B9A852C79CDCB0078863C /* ProfileChangeButton.swift */,
				725B9AAB2C7B68F90078863C /* SendButton.swift */,
				72940B692C7EAA3D00311CE8 /* DeleteButton.swift */,
			);
			path = Button;
			sourceTree = "<group>";
		};
		723E473C2C6DC6C4004B0E0C /* Fonts */ = {
			isa = PBXGroup;
			children = (
				723E473D2C6DC6EC004B0E0C /* ResourceFont.swift */,
			);
			path = Fonts;
			sourceTree = "<group>";
		};
		723E473F2C6DC9D3004B0E0C /* Constants */ = {
			isa = PBXGroup;
			children = (
				723E47422C6DC9F0004B0E0C /* Enums */,
			);
			path = Constants;
			sourceTree = "<group>";
		};
		723E47422C6DC9F0004B0E0C /* Enums */ = {
			isa = PBXGroup;
			children = (
				723E47432C6DCA1B004B0E0C /* ButtonTitle.swift */,
				723E47692C6F28C5004B0E0C /* TextFieldPlaceholder.swift */,
			);
			path = Enums;
			sourceTree = "<group>";
		};
		723E47472C6DCEDF004B0E0C /* ViewModel */ = {
			isa = PBXGroup;
			children = (
				723E47482C6DCF22004B0E0C /* OnBoardingViewModel.swift */,
			);
			path = ViewModel;
			sourceTree = "<group>";
		};
		723E474A2C6DD12E004B0E0C /* SignUpScene */ = {
			isa = PBXGroup;
			children = (
				723E475E2C6F26AC004B0E0C /* EmailView */,
				723E475F2C6F26D6004B0E0C /* PasswordView */,
				723E47602C6F26E0004B0E0C /* NicknameView */,
			);
			path = SignUpScene;
			sourceTree = "<group>";
		};
		723E47512C6DD971004B0E0C /* Network */ = {
			isa = PBXGroup;
			children = (
				723E47A32C7212D5004B0E0C /* Model */,
				723E47762C6F3F7D004B0E0C /* API */,
				723E47772C6F3F84004B0E0C /* Router */,
			);
			path = Network;
			sourceTree = "<group>";
		};
		723E475E2C6F26AC004B0E0C /* EmailView */ = {
			isa = PBXGroup;
			children = (
				723E476E2C6F37CA004B0E0C /* Model */,
				723E47612C6F2701004B0E0C /* View */,
				723E476B2C6F3335004B0E0C /* ViewModel */,
			);
			path = EmailView;
			sourceTree = "<group>";
		};
		723E475F2C6F26D6004B0E0C /* PasswordView */ = {
			isa = PBXGroup;
			children = (
				723E47782C705E02004B0E0C /* View */,
				723E47792C705E09004B0E0C /* ViewModel */,
			);
			path = PasswordView;
			sourceTree = "<group>";
		};
		723E47602C6F26E0004B0E0C /* NicknameView */ = {
			isa = PBXGroup;
			children = (
				723E479D2C71DD54004B0E0C /* Model */,
				723E47952C70898D004B0E0C /* View */,
				723E47962C708992004B0E0C /* ViewModel */,
			);
			path = NicknameView;
			sourceTree = "<group>";
		};
		723E47612C6F2701004B0E0C /* View */ = {
			isa = PBXGroup;
			children = (
				723E47642C6F2720004B0E0C /* EmailViewController.swift */,
				723E47622C6F2718004B0E0C /* EmailView.swift */,
			);
			path = View;
			sourceTree = "<group>";
		};
		723E47662C6F287B004B0E0C /* TextField */ = {
			isa = PBXGroup;
			children = (
				723E47672C6F288E004B0E0C /* LineTextField.swift */,
				723E478F2C707E79004B0E0C /* BoxTypeTextField.swift */,
				725B9A872C79CEAF0078863C /* BoxTypeProfileTextField.swift */,
			);
			path = TextField;
			sourceTree = "<group>";
		};
		723E476B2C6F3335004B0E0C /* ViewModel */ = {
			isa = PBXGroup;
			children = (
				723E476C2C6F3345004B0E0C /* EmailViewModel.swift */,
			);
			path = ViewModel;
			sourceTree = "<group>";
		};
		723E476E2C6F37CA004B0E0C /* Model */ = {
			isa = PBXGroup;
			children = (
				723E476F2C6F3814004B0E0C /* EmailCheck.swift */,
			);
			path = Model;
			sourceTree = "<group>";
		};
		723E47762C6F3F7D004B0E0C /* API */ = {
			isa = PBXGroup;
			children = (
				723E47552C6DDC77004B0E0C /* APIError.swift */,
				723E47522C6DD9E2004B0E0C /* LSLPAPIManager.swift */,
				723E47572C6DDCD2004B0E0C /* TargetType.swift */,
			);
			path = API;
			sourceTree = "<group>";
		};
		723E47772C6F3F84004B0E0C /* Router */ = {
			isa = PBXGroup;
			children = (
				723E47592C6DDD0A004B0E0C /* LSLPRouter.swift */,
				725B9A2A2C76547E0078863C /* AuthRouter.swift */,
				725B9A2C2C7654C60078863C /* PostRouter.swift */,
				725B9A752C79A26B0078863C /* ProfileRouter.swift */,
				725B9AA42C7B21680078863C /* CommentRouter.swift */,
				723E475B2C6DE187004B0E0C /* Header.swift */,
				723E47742C6F3ED5004B0E0C /* Body.swift */,
			);
			path = Router;
			sourceTree = "<group>";
		};
		723E47782C705E02004B0E0C /* View */ = {
			isa = PBXGroup;
			children = (
				723E477C2C705E81004B0E0C /* PasswordViewController.swift */,
				723E477A2C705E6D004B0E0C /* PasswordView.swift */,
			);
			path = View;
			sourceTree = "<group>";
		};
		723E47792C705E09004B0E0C /* ViewModel */ = {
			isa = PBXGroup;
			children = (
				723E477E2C706EEE004B0E0C /* PasswordViewModel.swift */,
			);
			path = ViewModel;
			sourceTree = "<group>";
		};
		723E47872C707D61004B0E0C /* LoginScene */ = {
			isa = PBXGroup;
			children = (
				723E47882C707D7A004B0E0C /* LoginView */,
				723E474A2C6DD12E004B0E0C /* SignUpScene */,
			);
			path = LoginScene;
			sourceTree = "<group>";
		};
		723E47882C707D7A004B0E0C /* LoginView */ = {
			isa = PBXGroup;
			children = (
				723E47892C707D85004B0E0C /* View */,
				723E478A2C707D8A004B0E0C /* ViewModel */,
			);
			path = LoginView;
			sourceTree = "<group>";
		};
		723E47892C707D85004B0E0C /* View */ = {
			isa = PBXGroup;
			children = (
				723E478D2C707DD9004B0E0C /* LoginViewController.swift */,
				723E478B2C707DC2004B0E0C /* LoginView.swift */,
			);
			path = View;
			sourceTree = "<group>";
		};
		723E478A2C707D8A004B0E0C /* ViewModel */ = {
			isa = PBXGroup;
			children = (
				723E47932C70875D004B0E0C /* LoginViewModel.swift */,
			);
			path = ViewModel;
			sourceTree = "<group>";
		};
		723E47952C70898D004B0E0C /* View */ = {
			isa = PBXGroup;
			children = (
				723E47992C7089B8004B0E0C /* NicknameViewController.swift */,
				723E47972C7089AD004B0E0C /* NicknameView.swift */,
			);
			path = View;
			sourceTree = "<group>";
		};
		723E47962C708992004B0E0C /* ViewModel */ = {
			isa = PBXGroup;
			children = (
				723E479B2C708E48004B0E0C /* NicknameViewModel.swift */,
			);
			path = ViewModel;
			sourceTree = "<group>";
		};
		723E479D2C71DD54004B0E0C /* Model */ = {
			isa = PBXGroup;
			children = (
				723E479E2C71DD7C004B0E0C /* JoinResponse.swift */,
			);
			path = Model;
			sourceTree = "<group>";
		};
		723E47A02C72113B004B0E0C /* UserDefaults */ = {
			isa = PBXGroup;
			children = (
				723E47A12C721152004B0E0C /* UserDefaultsManager.swift */,
			);
			path = UserDefaults;
			sourceTree = "<group>";
		};
		723E47A32C7212D5004B0E0C /* Model */ = {
			isa = PBXGroup;
			children = (
				723E47A42C7212E7004B0E0C /* LoginResponse.swift */,
				725B9A2E2C765DD70078863C /* ImageResponse.swift */,
				725B9A702C78D4AB0078863C /* PostResponse.swift */,
				725B9A772C79A50C0078863C /* ProfileResponse.swift */,
				725B9AA62C7B2A0C0078863C /* CommentResponse.swift */,
			);
			path = Model;
			sourceTree = "<group>";
		};
		723E47A62C721AD2004B0E0C /* MainScene */ = {
			isa = PBXGroup;
			children = (
				723E47A72C721ADF004B0E0C /* View */,
				723E47BC2C736DA2004B0E0C /* ViewModel */,
			);
			path = MainScene;
			sourceTree = "<group>";
		};
		723E47A72C721ADF004B0E0C /* View */ = {
			isa = PBXGroup;
			children = (
				723E47A82C721AEB004B0E0C /* MainViewController.swift */,
				723E47AA2C721AF1004B0E0C /* MainView.swift */,
				725B9A4F2C772A8C0078863C /* MainWodTableViewCell.swift */,
				725B9A662C785EDC0078863C /* MainFeedbackTableViewCell.swift */,
				725B9A682C785F190078863C /* MainCommunityTableViewCell.swift */,
			);
			path = View;
			sourceTree = "<group>";
		};
		723E47B62C736CB8004B0E0C /* PostScene */ = {
			isa = PBXGroup;
			children = (
				723E47BF2C7385AA004B0E0C /* WODView */,
			);
			path = PostScene;
			sourceTree = "<group>";
		};
		723E47BC2C736DA2004B0E0C /* ViewModel */ = {
			isa = PBXGroup;
			children = (
				723E47BD2C736DAF004B0E0C /* MainViewModel.swift */,
			);
			path = ViewModel;
			sourceTree = "<group>";
		};
		723E47BF2C7385AA004B0E0C /* WODView */ = {
			isa = PBXGroup;
			children = (
				7274DA492C74DC6F00245DCD /* Model */,
				723E47C02C7385B4004B0E0C /* View */,
				723E47C72C738DEB004B0E0C /* ViewModel */,
			);
			path = WODView;
			sourceTree = "<group>";
		};
		723E47C02C7385B4004B0E0C /* View */ = {
			isa = PBXGroup;
			children = (
				723E47C32C7385CF004B0E0C /* WODViewController.swift */,
				723E47C12C7385C6004B0E0C /* WODView.swift */,
				7274DA442C74D8E700245DCD /* WODTableViewCell.swift */,
			);
			path = View;
			sourceTree = "<group>";
		};
		723E47C72C738DEB004B0E0C /* ViewModel */ = {
			isa = PBXGroup;
			children = (
				723E47C82C738DF8004B0E0C /* WODViewModel.swift */,
			);
			path = ViewModel;
			sourceTree = "<group>";
		};
		725B9A262C761E860078863C /* Dummy */ = {
			isa = PBXGroup;
			children = (
				725B9A272C761E930078863C /* RoutineData.swift */,
			);
			path = Dummy;
			sourceTree = "<group>";
		};
		725B9A532C7788910078863C /* TabBar */ = {
			isa = PBXGroup;
			children = (
				725B9A542C7788A10078863C /* TabBarController.swift */,
			);
			path = TabBar;
			sourceTree = "<group>";
		};
		725B9A562C778A550078863C /* MyRoutineScene */ = {
			isa = PBXGroup;
			children = (
				72940B322C7C9CA300311CE8 /* MyRoutineMainView */,
				72940B332C7C9CB200311CE8 /* MyRoutineMenuView */,
				72940B552C7D86AF00311CE8 /* MyRoutineSelectView */,
				72940B3E2C7CAE2B00311CE8 /* HealthDataView */,
			);
			path = MyRoutineScene;
			sourceTree = "<group>";
		};
		725B9A572C778A6C0078863C /* ChatScene */ = {
			isa = PBXGroup;
			children = (
				725B9A5D2C778ABF0078863C /* ChatView.swift */,
				725B9A5F2C778ACB0078863C /* ChatViewController.swift */,
			);
			path = ChatScene;
			sourceTree = "<group>";
		};
		725B9A582C778A720078863C /* ProfileScene */ = {
			isa = PBXGroup;
			children = (
				725B9A7A2C79C7500078863C /* MyProfileView */,
				725B9A792C79C7410078863C /* EditProfileView */,
			);
			path = ProfileScene;
			sourceTree = "<group>";
		};
		725B9A6A2C786C2D0078863C /* View */ = {
			isa = PBXGroup;
			children = (
				725B9A632C778ADF0078863C /* ProfileViewController.swift */,
				725B9A612C778AD40078863C /* ProfileView.swift */,
				725B9A6E2C786D990078863C /* ProfileListTableViewCell.swift */,
			);
			path = View;
			sourceTree = "<group>";
		};
		725B9A6B2C786C340078863C /* ViewModel */ = {
			isa = PBXGroup;
			children = (
				725B9A6C2C786C490078863C /* ProfileViewModel.swift */,
			);
			path = ViewModel;
			sourceTree = "<group>";
		};
		725B9A792C79C7410078863C /* EditProfileView */ = {
			isa = PBXGroup;
			children = (
				725B9A7B2C79C7670078863C /* View */,
				725B9A7C2C79C76C0078863C /* ViewModel */,
			);
			path = EditProfileView;
			sourceTree = "<group>";
		};
		725B9A7A2C79C7500078863C /* MyProfileView */ = {
			isa = PBXGroup;
			children = (
				725B9A6A2C786C2D0078863C /* View */,
				725B9A6B2C786C340078863C /* ViewModel */,
			);
			path = MyProfileView;
			sourceTree = "<group>";
		};
		725B9A7B2C79C7670078863C /* View */ = {
			isa = PBXGroup;
			children = (
				725B9A7F2C79C78E0078863C /* EditProfileViewController.swift */,
				725B9A7D2C79C77F0078863C /* EditProfileView.swift */,
			);
			path = View;
			sourceTree = "<group>";
		};
		725B9A7C2C79C76C0078863C /* ViewModel */ = {
			isa = PBXGroup;
			children = (
				725B9A812C79C79F0078863C /* EditProfileViewModel.swift */,
			);
			path = ViewModel;
			sourceTree = "<group>";
		};
		725B9A892C7A3B140078863C /* DetailScene */ = {
			isa = PBXGroup;
			children = (
				725B9A9B2C7B14950078863C /* CommentView */,
				725B9A8A2C7A3B420078863C /* WODorFeedbackDetailView */,
			);
			path = DetailScene;
			sourceTree = "<group>";
		};
		725B9A8A2C7A3B420078863C /* WODorFeedbackDetailView */ = {
			isa = PBXGroup;
			children = (
				725B9A8B2C7A3B4F0078863C /* View */,
				725B9A8C2C7A3B530078863C /* ViewModel */,
			);
			path = WODorFeedbackDetailView;
			sourceTree = "<group>";
		};
		725B9A8B2C7A3B4F0078863C /* View */ = {
			isa = PBXGroup;
			children = (
				725B9A8D2C7A3B640078863C /* DetailViewController.swift */,
				725B9A8F2C7A3B720078863C /* DetailView.swift */,
				725B9A932C7A3FBE0078863C /* ToggleDetailView.swift */,
			);
			path = View;
			sourceTree = "<group>";
		};
		725B9A8C2C7A3B530078863C /* ViewModel */ = {
			isa = PBXGroup;
			children = (
				725B9A912C7A3BB80078863C /* DetailViewModel.swift */,
			);
			path = ViewModel;
			sourceTree = "<group>";
		};
		725B9A9B2C7B14950078863C /* CommentView */ = {
			isa = PBXGroup;
			children = (
				725B9AA02C7B1B310078863C /* View */,
				725B9AA12C7B1B3C0078863C /* ViewModel */,
			);
			path = CommentView;
			sourceTree = "<group>";
		};
		725B9AA02C7B1B310078863C /* View */ = {
			isa = PBXGroup;
			children = (
				725B9A9E2C7B14B20078863C /* CommentViewController.swift */,
				725B9A9C2C7B14A20078863C /* CommentView.swift */,
				725B9A992C7B0CCE0078863C /* CommentTableViewCell.swift */,
			);
			path = View;
			sourceTree = "<group>";
		};
		725B9AA12C7B1B3C0078863C /* ViewModel */ = {
			isa = PBXGroup;
			children = (
				725B9AA22C7B1B4D0078863C /* CommentViewModel.swift */,
			);
			path = ViewModel;
			sourceTree = "<group>";
		};
		725B9AAD2C7B6B210078863C /* Utilities */ = {
			isa = PBXGroup;
			children = (
				725B9AAE2C7B6B300078863C /* FormatterManager.swift */,
			);
			path = Utilities;
			sourceTree = "<group>";
		};
		725B9AB72C7C91C80078863C /* View */ = {
			isa = PBXGroup;
			children = (
				725B9A5B2C778AB40078863C /* MyRoutineViewController.swift */,
				725B9A592C778AA70078863C /* MyRoutineView.swift */,
			);
			path = View;
			sourceTree = "<group>";
		};
		725B9ABD2C7C95230078863C /* ViewModel */ = {
			isa = PBXGroup;
			children = (
				725B9ABE2C7C952E0078863C /* MyRoutineViewModel.swift */,
			);
			path = ViewModel;
			sourceTree = "<group>";
		};
		7274DA462C74D92A00245DCD /* Protocol */ = {
			isa = PBXGroup;
			children = (
				7274DA472C74D93600245DCD /* ReuseIdentifierProtocol.swift */,
			);
			path = Protocol;
			sourceTree = "<group>";
		};
		7274DA492C74DC6F00245DCD /* Model */ = {
			isa = PBXGroup;
			children = (
				7274DA4A2C74DC8300245DCD /* WODTableTitles.swift */,
			);
			path = Model;
			sourceTree = "<group>";
		};
		7274DA4C2C74DF3A00245DCD /* ImageView */ = {
			isa = PBXGroup;
			children = (
				7274DA4D2C74DF4C00245DCD /* TriangleImage.swift */,
				725B9A512C7770BF0078863C /* OpponentProfileImage.swift */,
				725B9A832C79CCEC0078863C /* MyProfileImageView.swift */,
			);
			path = ImageView;
			sourceTree = "<group>";
		};
		7274DA4F2C74FDAC00245DCD /* RoutineScene */ = {
			isa = PBXGroup;
			children = (
				7274DA7B2C75D54500245DCD /* Model */,
				7274DA502C74FE0500245DCD /* View */,
				7274DA552C75005000245DCD /* ViewModel */,
			);
			path = RoutineScene;
			sourceTree = "<group>";
		};
		7274DA502C74FE0500245DCD /* View */ = {
			isa = PBXGroup;
			children = (
				7274DA532C74FE2300245DCD /* RoutineViewController.swift */,
				7274DA512C74FE1200245DCD /* RoutineView.swift */,
				7274DA582C75016200245DCD /* RoutineTableViewCell.swift */,
				7274DA5A2C75088F00245DCD /* RoutineCollectionViewCell.swift */,
				7274DA7E2C75DE9C00245DCD /* RoutineSelectedCollectionViewCell.swift */,
			);
			path = View;
			sourceTree = "<group>";
		};
		7274DA552C75005000245DCD /* ViewModel */ = {
			isa = PBXGroup;
			children = (
				7274DA562C75008700245DCD /* RoutineViewModel.swift */,
			);
			path = ViewModel;
			sourceTree = "<group>";
		};
		7274DA782C75D1AD00245DCD /* NutrientScene */ = {
			isa = PBXGroup;
			children = (
			);
			path = NutrientScene;
			sourceTree = "<group>";
		};
		7274DA792C75D1C800245DCD /* WorkoutTimeScene */ = {
			isa = PBXGroup;
			children = (
			);
			path = WorkoutTimeScene;
			sourceTree = "<group>";
		};
		7274DA7A2C75D1D700245DCD /* CaloryScene */ = {
			isa = PBXGroup;
			children = (
			);
			path = CaloryScene;
			sourceTree = "<group>";
		};
		7274DA7B2C75D54500245DCD /* Model */ = {
			isa = PBXGroup;
			children = (
				7274DA7C2C75D55000245DCD /* RoutineType.swift */,
			);
			path = Model;
			sourceTree = "<group>";
		};
		72940B322C7C9CA300311CE8 /* MyRoutineMainView */ = {
			isa = PBXGroup;
			children = (
				725B9AB72C7C91C80078863C /* View */,
				725B9ABD2C7C95230078863C /* ViewModel */,
			);
			path = MyRoutineMainView;
			sourceTree = "<group>";
		};
		72940B332C7C9CB200311CE8 /* MyRoutineMenuView */ = {
			isa = PBXGroup;
			children = (
				72940B342C7C9CBF00311CE8 /* View */,
				72940B352C7C9CC400311CE8 /* ViewModel */,
			);
			path = MyRoutineMenuView;
			sourceTree = "<group>";
		};
		72940B342C7C9CBF00311CE8 /* View */ = {
			isa = PBXGroup;
			children = (
				72940B362C7C9CDC00311CE8 /* MyRoutineMenuViewController.swift */,
				72940B382C7C9CE800311CE8 /* MyRoutineMenuView.swift */,
				72940B3C2C7C9FC900311CE8 /* MyRoutineMenuTableViewCell.swift */,
				72940B762C7F17F600311CE8 /* MyRoutineDetailTableViewCell.swift */,
			);
			path = View;
			sourceTree = "<group>";
		};
		72940B352C7C9CC400311CE8 /* ViewModel */ = {
			isa = PBXGroup;
			children = (
				72940B3A2C7C9E8900311CE8 /* MyRoutineMenuViewModel.swift */,
			);
			path = ViewModel;
			sourceTree = "<group>";
		};
		72940B3E2C7CAE2B00311CE8 /* HealthDataView */ = {
			isa = PBXGroup;
			children = (
				72940B3F2C7CAE3800311CE8 /* View */,
				72940B402C7CAE3E00311CE8 /* ViewModel */,
			);
			path = HealthDataView;
			sourceTree = "<group>";
		};
		72940B3F2C7CAE3800311CE8 /* View */ = {
			isa = PBXGroup;
			children = (
				72940B432C7CAE8200311CE8 /* HealthDataViewController.swift */,
				72940B412C7CAE5C00311CE8 /* HealthDataView.swift */,
				72940B472C7CB03D00311CE8 /* HealthDataCollectionViewCell.swift */,
			);
			path = View;
			sourceTree = "<group>";
		};
		72940B402C7CAE3E00311CE8 /* ViewModel */ = {
			isa = PBXGroup;
			children = (
				72940B452C7CAEAE00311CE8 /* HealthDataViewModel.swift */,
			);
			path = ViewModel;
			sourceTree = "<group>";
		};
		72940B552C7D86AF00311CE8 /* MyRoutineSelectView */ = {
			isa = PBXGroup;
			children = (
				72940B5A2C7D873000311CE8 /* View */,
				72940B602C7D931900311CE8 /* ViewModel */,
			);
			path = MyRoutineSelectView;
			sourceTree = "<group>";
		};
		72940B5A2C7D873000311CE8 /* View */ = {
			isa = PBXGroup;
			children = (
				72940B5B2C7D873D00311CE8 /* MyRoutineSelectViewController.swift */,
				72940B582C7D86F900311CE8 /* MyRoutineSelectView.swift */,
				72940B632C7DCF7600311CE8 /* FitnessAreaCollectionViewCell.swift */,
				72940B652C7E1BF100311CE8 /* MyRoutineSelectTableViewCell.swift */,
				72940B672C7E3B7F00311CE8 /* SelectedRoutineCollectionViewCell.swift */,
			);
			path = View;
			sourceTree = "<group>";
		};
		72940B5D2C7D8B9100311CE8 /* Extensions */ = {
			isa = PBXGroup;
			children = (
				72940B5E2C7D8BAE00311CE8 /* UIButton+Extension.swift */,
			);
			path = Extensions;
			sourceTree = "<group>";
		};
		72940B602C7D931900311CE8 /* ViewModel */ = {
			isa = PBXGroup;
			children = (
				72940B612C7D932600311CE8 /* MyRoutineSelectViewModel.swift */,
			);
			path = ViewModel;
			sourceTree = "<group>";
		};
/* End PBXGroup section */

/* Begin PBXNativeTarget section */
		723E46FE2C6CD240004B0E0C /* HealthCommunity */ = {
			isa = PBXNativeTarget;
			buildConfigurationList = 723E47132C6CD241004B0E0C /* Build configuration list for PBXNativeTarget "HealthCommunity" */;
			buildPhases = (
				723E46FB2C6CD240004B0E0C /* Sources */,
				723E46FC2C6CD240004B0E0C /* Frameworks */,
				723E46FD2C6CD240004B0E0C /* Resources */,
			);
			buildRules = (
			);
			dependencies = (
			);
			name = HealthCommunity;
			packageProductDependencies = (
				723E47272C6DC100004B0E0C /* Alamofire */,
				723E472A2C6DC11A004B0E0C /* RxCocoa */,
				723E472C2C6DC11A004B0E0C /* RxSwift */,
				723E472F2C6DC12A004B0E0C /* SnapKit */,
				723E47722C6F3B87004B0E0C /* Toast */,
				725B9A732C78F6240078863C /* Kingfisher */,
				725B9AA92C7B64FB0078863C /* JGProgressHUD */,
				725B9AB52C7C5ACD0078863C /* FSCalendar */,
			);
			productName = HealthCommunity;
			productReference = 723E46FF2C6CD240004B0E0C /* HealthCommunity.app */;
			productType = "com.apple.product-type.application";
		};
/* End PBXNativeTarget section */

/* Begin PBXProject section */
		723E46F72C6CD240004B0E0C /* Project object */ = {
			isa = PBXProject;
			attributes = {
				BuildIndependentTargetsInParallel = 1;
				LastSwiftUpdateCheck = 1530;
				LastUpgradeCheck = 1530;
				TargetAttributes = {
					723E46FE2C6CD240004B0E0C = {
						CreatedOnToolsVersion = 15.3;
					};
				};
			};
			buildConfigurationList = 723E46FA2C6CD240004B0E0C /* Build configuration list for PBXProject "HealthCommunity" */;
			compatibilityVersion = "Xcode 14.0";
			developmentRegion = en;
			hasScannedForEncodings = 0;
			knownRegions = (
				en,
				Base,
			);
			mainGroup = 723E46F62C6CD240004B0E0C;
			packageReferences = (
				723E47262C6DC100004B0E0C /* XCRemoteSwiftPackageReference "Alamofire" */,
				723E47292C6DC11A004B0E0C /* XCRemoteSwiftPackageReference "RxSwift" */,
				723E472E2C6DC12A004B0E0C /* XCRemoteSwiftPackageReference "SnapKit" */,
				723E47712C6F3B87004B0E0C /* XCRemoteSwiftPackageReference "Toast-Swift" */,
				725B9A722C78F6240078863C /* XCRemoteSwiftPackageReference "Kingfisher" */,
				725B9AA82C7B64FB0078863C /* XCRemoteSwiftPackageReference "JGProgressHUD" */,
				725B9AB42C7C5ACD0078863C /* XCRemoteSwiftPackageReference "FSCalendar" */,
			);
			productRefGroup = 723E47002C6CD240004B0E0C /* Products */;
			projectDirPath = "";
			projectRoot = "";
			targets = (
				723E46FE2C6CD240004B0E0C /* HealthCommunity */,
			);
		};
/* End PBXProject section */

/* Begin PBXResourcesBuildPhase section */
		723E46FD2C6CD240004B0E0C /* Resources */ = {
			isa = PBXResourcesBuildPhase;
			buildActionMask = 2147483647;
			files = (
				723E470C2C6CD241004B0E0C /* Assets.xcassets in Resources */,
				723E47172C6CD32B004B0E0C /* .gitignore in Resources */,
				723E470F2C6CD241004B0E0C /* Base in Resources */,
			);
			runOnlyForDeploymentPostprocessing = 0;
		};
/* End PBXResourcesBuildPhase section */

/* Begin PBXSourcesBuildPhase section */
		723E46FB2C6CD240004B0E0C /* Sources */ = {
			isa = PBXSourcesBuildPhase;
			buildActionMask = 2147483647;
			files = (
				725B9A552C7788A10078863C /* TabBarController.swift in Sources */,
				723E47212C6DBF98004B0E0C /* BaseViewController.swift in Sources */,
				723E47AB2C721AF1004B0E0C /* MainView.swift in Sources */,
				72940B5F2C7D8BAE00311CE8 /* UIButton+Extension.swift in Sources */,
				723E477B2C705E6D004B0E0C /* PasswordView.swift in Sources */,
				725B9A712C78D4AB0078863C /* PostResponse.swift in Sources */,
				723E47B52C7369CA004B0E0C /* PostButton.swift in Sources */,
				72940B662C7E1BF100311CE8 /* MyRoutineSelectTableViewCell.swift in Sources */,
				7274DA7F2C75DE9C00245DCD /* RoutineSelectedCollectionViewCell.swift in Sources */,
				725B9AAC2C7B68F90078863C /* SendButton.swift in Sources */,
				723E476D2C6F3345004B0E0C /* EmailViewModel.swift in Sources */,
				723E473E2C6DC6EC004B0E0C /* ResourceFont.swift in Sources */,
				725B9A7E2C79C77F0078863C /* EditProfileView.swift in Sources */,
				725B9A692C785F190078863C /* MainCommunityTableViewCell.swift in Sources */,
				723E47442C6DCA1B004B0E0C /* ButtonTitle.swift in Sources */,
				723E47902C707E79004B0E0C /* BoxTypeTextField.swift in Sources */,
				723E47632C6F2718004B0E0C /* EmailView.swift in Sources */,
				72940B592C7D86F900311CE8 /* MyRoutineSelectView.swift in Sources */,
				725B9A802C79C78E0078863C /* EditProfileViewController.swift in Sources */,
				723E47032C6CD240004B0E0C /* AppDelegate.swift in Sources */,
				723E479C2C708E48004B0E0C /* NicknameViewModel.swift in Sources */,
				723E47192C6CD360004B0E0C /* APIKey.swift in Sources */,
				725B9ABF2C7C952F0078863C /* MyRoutineViewModel.swift in Sources */,
				725B9A942C7A3FBE0078863C /* ToggleDetailView.swift in Sources */,
				723E47752C6F3ED5004B0E0C /* Body.swift in Sources */,
				725B9A6F2C786D990078863C /* ProfileListTableViewCell.swift in Sources */,
				725B9A672C785EDC0078863C /* MainFeedbackTableViewCell.swift in Sources */,
				725B9A2B2C76547E0078863C /* AuthRouter.swift in Sources */,
				723E47942C70875D004B0E0C /* LoginViewModel.swift in Sources */,
				72940B5C2C7D873D00311CE8 /* MyRoutineSelectViewController.swift in Sources */,
				723E477F2C706EEE004B0E0C /* PasswordViewModel.swift in Sources */,
				723E47372C6DC279004B0E0C /* OnBoardingView.swift in Sources */,
				7274DA522C74FE1200245DCD /* RoutineView.swift in Sources */,
				723E47A52C7212E7004B0E0C /* LoginResponse.swift in Sources */,
				725B9AA32C7B1B4D0078863C /* CommentViewModel.swift in Sources */,
				723E47682C6F288E004B0E0C /* LineTextField.swift in Sources */,
				7274DA7D2C75D55000245DCD /* RoutineType.swift in Sources */,
				725B9A522C7770BF0078863C /* OpponentProfileImage.swift in Sources */,
				725B9A902C7A3B720078863C /* DetailView.swift in Sources */,
				723E47352C6DC23B004B0E0C /* OnBoardingViewController.swift in Sources */,
				725B9AA52C7B21680078863C /* CommentRouter.swift in Sources */,
				725B9A5A2C778AA70078863C /* MyRoutineView.swift in Sources */,
				723E47C92C738DF8004B0E0C /* WODViewModel.swift in Sources */,
				723E47BE2C736DAF004B0E0C /* MainViewModel.swift in Sources */,
				723E478E2C707DD9004B0E0C /* LoginViewController.swift in Sources */,
				723E479A2C7089B8004B0E0C /* NicknameViewController.swift in Sources */,
				72940B3D2C7C9FC900311CE8 /* MyRoutineMenuTableViewCell.swift in Sources */,
				725B9A822C79C79F0078863C /* EditProfileViewModel.swift in Sources */,
				725B9A882C79CEAF0078863C /* BoxTypeProfileTextField.swift in Sources */,
				723E47462C6DCE9C004B0E0C /* BaseViewModel.swift in Sources */,
				723E47582C6DDCD2004B0E0C /* TargetType.swift in Sources */,
				725B9A602C778ACB0078863C /* ChatViewController.swift in Sources */,
				725B9A5E2C778ABF0078863C /* ChatView.swift in Sources */,
				723E47052C6CD240004B0E0C /* SceneDelegate.swift in Sources */,
				723E47C42C7385CF004B0E0C /* WODViewController.swift in Sources */,
				72940B442C7CAE8200311CE8 /* HealthDataViewController.swift in Sources */,
				723E47652C6F2720004B0E0C /* EmailViewController.swift in Sources */,
				725B9A2F2C765DD70078863C /* ImageResponse.swift in Sources */,
				723E479F2C71DD7C004B0E0C /* JoinResponse.swift in Sources */,
				72940B642C7DCF7600311CE8 /* FitnessAreaCollectionViewCell.swift in Sources */,
				723E47982C7089AD004B0E0C /* NicknameView.swift in Sources */,
				723E475C2C6DE187004B0E0C /* Header.swift in Sources */,
				725B9A842C79CCEC0078863C /* MyProfileImageView.swift in Sources */,
				7274DA482C74D93600245DCD /* ReuseIdentifierProtocol.swift in Sources */,
				723E478C2C707DC2004B0E0C /* LoginView.swift in Sources */,
				723E477D2C705E81004B0E0C /* PasswordViewController.swift in Sources */,
				725B9A782C79A50C0078863C /* ProfileResponse.swift in Sources */,
				725B9AAF2C7B6B300078863C /* FormatterManager.swift in Sources */,
				725B9A502C772A8C0078863C /* MainWodTableViewCell.swift in Sources */,
				725B9A862C79CDCB0078863C /* ProfileChangeButton.swift in Sources */,
				7274DA572C75008700245DCD /* RoutineViewModel.swift in Sources */,
				725B9A9A2C7B0CCE0078863C /* CommentTableViewCell.swift in Sources */,
				723E47C62C7389A9004B0E0C /* CameraButton.swift in Sources */,
				723E47C22C7385C6004B0E0C /* WODView.swift in Sources */,
				72940B682C7E3B7F00311CE8 /* SelectedRoutineCollectionViewCell.swift in Sources */,
				723E47922C7081C4004B0E0C /* PasswordSecureButton.swift in Sources */,
				723E475A2C6DDD0A004B0E0C /* LSLPRouter.swift in Sources */,
				723E47A22C721152004B0E0C /* UserDefaultsManager.swift in Sources */,
				723E47492C6DCF22004B0E0C /* OnBoardingViewModel.swift in Sources */,
				72940B622C7D932600311CE8 /* MyRoutineSelectViewModel.swift in Sources */,
				723E473B2C6DC5BE004B0E0C /* BaseButton.swift in Sources */,
				7274DA4E2C74DF4C00245DCD /* TriangleImage.swift in Sources */,
				725B9A9D2C7B14A20078863C /* CommentView.swift in Sources */,
				72940B772C7F17F600311CE8 /* MyRoutineDetailTableViewCell.swift in Sources */,
				725B9A282C761E930078863C /* RoutineData.swift in Sources */,
				7274DA542C74FE2300245DCD /* RoutineViewController.swift in Sources */,
				725B9A6D2C786C490078863C /* ProfileViewModel.swift in Sources */,
				723E476A2C6F28C5004B0E0C /* TextFieldPlaceholder.swift in Sources */,
				7274DA592C75016200245DCD /* RoutineTableViewCell.swift in Sources */,
				72940B372C7C9CDC00311CE8 /* MyRoutineMenuViewController.swift in Sources */,
				7274DA5D2C7510F700245DCD /* RoutineAreaButton.swift in Sources */,
				725B9A2D2C7654C60078863C /* PostRouter.swift in Sources */,
				723E47A92C721AEB004B0E0C /* MainViewController.swift in Sources */,
				72940B3B2C7C9E8900311CE8 /* MyRoutineMenuViewModel.swift in Sources */,
				7274DA5B2C75088F00245DCD /* RoutineCollectionViewCell.swift in Sources */,
				723E47252C6DBFE7004B0E0C /* BaseTableViewCell.swift in Sources */,
				723E47532C6DD9E2004B0E0C /* LSLPAPIManager.swift in Sources */,
				725B9A642C778ADF0078863C /* ProfileViewController.swift in Sources */,
				725B9A622C778AD40078863C /* ProfileView.swift in Sources */,
				725B9A8E2C7A3B640078863C /* DetailViewController.swift in Sources */,
				72940B6A2C7EAA3D00311CE8 /* DeleteButton.swift in Sources */,
				72940B422C7CAE5C00311CE8 /* HealthDataView.swift in Sources */,
				72940B392C7C9CE800311CE8 /* MyRoutineMenuView.swift in Sources */,
				723E471F2C6DBF5F004B0E0C /* BaseView.swift in Sources */,
				72940B462C7CAEAE00311CE8 /* HealthDataViewModel.swift in Sources */,
				725B9A922C7A3BB80078863C /* DetailViewModel.swift in Sources */,
				7274DA4B2C74DC8300245DCD /* WODTableTitles.swift in Sources */,
				725B9A5C2C778AB40078863C /* MyRoutineViewController.swift in Sources */,
				725B9AA72C7B2A0C0078863C /* CommentResponse.swift in Sources */,
				725B9A9F2C7B14B20078863C /* CommentViewController.swift in Sources */,
				72940B482C7CB03D00311CE8 /* HealthDataCollectionViewCell.swift in Sources */,
				7274DA452C74D8E700245DCD /* WODTableViewCell.swift in Sources */,
				723E47232C6DBFBB004B0E0C /* BaseCollectionViewCell.swift in Sources */,
				725B9A762C79A26B0078863C /* ProfileRouter.swift in Sources */,
				723E47562C6DDC77004B0E0C /* APIError.swift in Sources */,
				723E47702C6F3814004B0E0C /* EmailCheck.swift in Sources */,
			);
			runOnlyForDeploymentPostprocessing = 0;
		};
/* End PBXSourcesBuildPhase section */

/* Begin PBXVariantGroup section */
		723E470D2C6CD241004B0E0C /* LaunchScreen.storyboard */ = {
			isa = PBXVariantGroup;
			children = (
				723E470E2C6CD241004B0E0C /* Base */,
			);
			name = LaunchScreen.storyboard;
			sourceTree = "<group>";
		};
/* End PBXVariantGroup section */

/* Begin XCBuildConfiguration section */
		723E47112C6CD241004B0E0C /* Debug */ = {
			isa = XCBuildConfiguration;
			buildSettings = {
				ALWAYS_SEARCH_USER_PATHS = NO;
				ASSETCATALOG_COMPILER_GENERATE_SWIFT_ASSET_SYMBOL_EXTENSIONS = YES;
				CLANG_ANALYZER_NONNULL = YES;
				CLANG_ANALYZER_NUMBER_OBJECT_CONVERSION = YES_AGGRESSIVE;
				CLANG_CXX_LANGUAGE_STANDARD = "gnu++20";
				CLANG_ENABLE_MODULES = YES;
				CLANG_ENABLE_OBJC_ARC = YES;
				CLANG_ENABLE_OBJC_WEAK = YES;
				CLANG_WARN_BLOCK_CAPTURE_AUTORELEASING = YES;
				CLANG_WARN_BOOL_CONVERSION = YES;
				CLANG_WARN_COMMA = YES;
				CLANG_WARN_CONSTANT_CONVERSION = YES;
				CLANG_WARN_DEPRECATED_OBJC_IMPLEMENTATIONS = YES;
				CLANG_WARN_DIRECT_OBJC_ISA_USAGE = YES_ERROR;
				CLANG_WARN_DOCUMENTATION_COMMENTS = YES;
				CLANG_WARN_EMPTY_BODY = YES;
				CLANG_WARN_ENUM_CONVERSION = YES;
				CLANG_WARN_INFINITE_RECURSION = YES;
				CLANG_WARN_INT_CONVERSION = YES;
				CLANG_WARN_NON_LITERAL_NULL_CONVERSION = YES;
				CLANG_WARN_OBJC_IMPLICIT_RETAIN_SELF = YES;
				CLANG_WARN_OBJC_LITERAL_CONVERSION = YES;
				CLANG_WARN_OBJC_ROOT_CLASS = YES_ERROR;
				CLANG_WARN_QUOTED_INCLUDE_IN_FRAMEWORK_HEADER = YES;
				CLANG_WARN_RANGE_LOOP_ANALYSIS = YES;
				CLANG_WARN_STRICT_PROTOTYPES = YES;
				CLANG_WARN_SUSPICIOUS_MOVE = YES;
				CLANG_WARN_UNGUARDED_AVAILABILITY = YES_AGGRESSIVE;
				CLANG_WARN_UNREACHABLE_CODE = YES;
				CLANG_WARN__DUPLICATE_METHOD_MATCH = YES;
				COPY_PHASE_STRIP = NO;
				DEBUG_INFORMATION_FORMAT = dwarf;
				ENABLE_STRICT_OBJC_MSGSEND = YES;
				ENABLE_TESTABILITY = YES;
				ENABLE_USER_SCRIPT_SANDBOXING = YES;
				GCC_C_LANGUAGE_STANDARD = gnu17;
				GCC_DYNAMIC_NO_PIC = NO;
				GCC_NO_COMMON_BLOCKS = YES;
				GCC_OPTIMIZATION_LEVEL = 0;
				GCC_PREPROCESSOR_DEFINITIONS = (
					"DEBUG=1",
					"$(inherited)",
				);
				GCC_WARN_64_TO_32_BIT_CONVERSION = YES;
				GCC_WARN_ABOUT_RETURN_TYPE = YES_ERROR;
				GCC_WARN_UNDECLARED_SELECTOR = YES;
				GCC_WARN_UNINITIALIZED_AUTOS = YES_AGGRESSIVE;
				GCC_WARN_UNUSED_FUNCTION = YES;
				GCC_WARN_UNUSED_VARIABLE = YES;
				IPHONEOS_DEPLOYMENT_TARGET = 17.4;
				LOCALIZATION_PREFERS_STRING_CATALOGS = YES;
				MTL_ENABLE_DEBUG_INFO = INCLUDE_SOURCE;
				MTL_FAST_MATH = YES;
				ONLY_ACTIVE_ARCH = YES;
				SDKROOT = iphoneos;
				SWIFT_ACTIVE_COMPILATION_CONDITIONS = "DEBUG $(inherited)";
				SWIFT_OPTIMIZATION_LEVEL = "-Onone";
			};
			name = Debug;
		};
		723E47122C6CD241004B0E0C /* Release */ = {
			isa = XCBuildConfiguration;
			buildSettings = {
				ALWAYS_SEARCH_USER_PATHS = NO;
				ASSETCATALOG_COMPILER_GENERATE_SWIFT_ASSET_SYMBOL_EXTENSIONS = YES;
				CLANG_ANALYZER_NONNULL = YES;
				CLANG_ANALYZER_NUMBER_OBJECT_CONVERSION = YES_AGGRESSIVE;
				CLANG_CXX_LANGUAGE_STANDARD = "gnu++20";
				CLANG_ENABLE_MODULES = YES;
				CLANG_ENABLE_OBJC_ARC = YES;
				CLANG_ENABLE_OBJC_WEAK = YES;
				CLANG_WARN_BLOCK_CAPTURE_AUTORELEASING = YES;
				CLANG_WARN_BOOL_CONVERSION = YES;
				CLANG_WARN_COMMA = YES;
				CLANG_WARN_CONSTANT_CONVERSION = YES;
				CLANG_WARN_DEPRECATED_OBJC_IMPLEMENTATIONS = YES;
				CLANG_WARN_DIRECT_OBJC_ISA_USAGE = YES_ERROR;
				CLANG_WARN_DOCUMENTATION_COMMENTS = YES;
				CLANG_WARN_EMPTY_BODY = YES;
				CLANG_WARN_ENUM_CONVERSION = YES;
				CLANG_WARN_INFINITE_RECURSION = YES;
				CLANG_WARN_INT_CONVERSION = YES;
				CLANG_WARN_NON_LITERAL_NULL_CONVERSION = YES;
				CLANG_WARN_OBJC_IMPLICIT_RETAIN_SELF = YES;
				CLANG_WARN_OBJC_LITERAL_CONVERSION = YES;
				CLANG_WARN_OBJC_ROOT_CLASS = YES_ERROR;
				CLANG_WARN_QUOTED_INCLUDE_IN_FRAMEWORK_HEADER = YES;
				CLANG_WARN_RANGE_LOOP_ANALYSIS = YES;
				CLANG_WARN_STRICT_PROTOTYPES = YES;
				CLANG_WARN_SUSPICIOUS_MOVE = YES;
				CLANG_WARN_UNGUARDED_AVAILABILITY = YES_AGGRESSIVE;
				CLANG_WARN_UNREACHABLE_CODE = YES;
				CLANG_WARN__DUPLICATE_METHOD_MATCH = YES;
				COPY_PHASE_STRIP = NO;
				DEBUG_INFORMATION_FORMAT = "dwarf-with-dsym";
				ENABLE_NS_ASSERTIONS = NO;
				ENABLE_STRICT_OBJC_MSGSEND = YES;
				ENABLE_USER_SCRIPT_SANDBOXING = YES;
				GCC_C_LANGUAGE_STANDARD = gnu17;
				GCC_NO_COMMON_BLOCKS = YES;
				GCC_WARN_64_TO_32_BIT_CONVERSION = YES;
				GCC_WARN_ABOUT_RETURN_TYPE = YES_ERROR;
				GCC_WARN_UNDECLARED_SELECTOR = YES;
				GCC_WARN_UNINITIALIZED_AUTOS = YES_AGGRESSIVE;
				GCC_WARN_UNUSED_FUNCTION = YES;
				GCC_WARN_UNUSED_VARIABLE = YES;
				IPHONEOS_DEPLOYMENT_TARGET = 17.4;
				LOCALIZATION_PREFERS_STRING_CATALOGS = YES;
				MTL_ENABLE_DEBUG_INFO = NO;
				MTL_FAST_MATH = YES;
				SDKROOT = iphoneos;
				SWIFT_COMPILATION_MODE = wholemodule;
				VALIDATE_PRODUCT = YES;
			};
			name = Release;
		};
		723E47142C6CD241004B0E0C /* Debug */ = {
			isa = XCBuildConfiguration;
			buildSettings = {
				ASSETCATALOG_COMPILER_APPICON_NAME = AppIcon;
				ASSETCATALOG_COMPILER_GLOBAL_ACCENT_COLOR_NAME = AccentColor;
				CODE_SIGN_ENTITLEMENTS = HealthCommunity/HealthCommunity.entitlements;
				CODE_SIGN_STYLE = Automatic;
				CURRENT_PROJECT_VERSION = 1;
				DEVELOPMENT_TEAM = QQN262X7KM;
				GENERATE_INFOPLIST_FILE = YES;
				INFOPLIST_FILE = HealthCommunity/Info.plist;
				INFOPLIST_KEY_CFBundleDisplayName = "웨하스 - 웨이트하우스";
				INFOPLIST_KEY_NSHealthShareUsageDescription = "사용자의 건강 데이터에 접근하여 업데이트를 하려고 합니다. 동의하시겠습니까?";
				INFOPLIST_KEY_NSHealthUpdateUsageDescription = "사용자의 건강 데이터에 접근하여 업데이트를 하려고 합니다. 동의하시겠습니까?";
				INFOPLIST_KEY_UIApplicationSupportsIndirectInputEvents = YES;
				INFOPLIST_KEY_UILaunchStoryboardName = LaunchScreen;
				INFOPLIST_KEY_UISupportedInterfaceOrientations = UIInterfaceOrientationPortrait;
				INFOPLIST_KEY_UIUserInterfaceStyle = Light;
				IPHONEOS_DEPLOYMENT_TARGET = 16.0;
				LD_RUNPATH_SEARCH_PATHS = (
					"$(inherited)",
					"@executable_path/Frameworks",
				);
				MARKETING_VERSION = 1.0;
				PRODUCT_BUNDLE_IDENTIFIER = com.Jun.HealthCommunity;
				PRODUCT_NAME = "$(TARGET_NAME)";
				SUPPORTED_PLATFORMS = "iphoneos iphonesimulator";
				SUPPORTS_MACCATALYST = NO;
				SUPPORTS_MAC_DESIGNED_FOR_IPHONE_IPAD = NO;
				SUPPORTS_XR_DESIGNED_FOR_IPHONE_IPAD = NO;
				SWIFT_EMIT_LOC_STRINGS = YES;
				SWIFT_VERSION = 5.0;
				TARGETED_DEVICE_FAMILY = 1;
			};
			name = Debug;
		};
		723E47152C6CD241004B0E0C /* Release */ = {
			isa = XCBuildConfiguration;
			buildSettings = {
				ASSETCATALOG_COMPILER_APPICON_NAME = AppIcon;
				ASSETCATALOG_COMPILER_GLOBAL_ACCENT_COLOR_NAME = AccentColor;
				CODE_SIGN_ENTITLEMENTS = HealthCommunity/HealthCommunity.entitlements;
				CODE_SIGN_STYLE = Automatic;
				CURRENT_PROJECT_VERSION = 1;
				DEVELOPMENT_TEAM = QQN262X7KM;
				GENERATE_INFOPLIST_FILE = YES;
				INFOPLIST_FILE = HealthCommunity/Info.plist;
				INFOPLIST_KEY_CFBundleDisplayName = "웨하스 - 웨이트하우스";
				INFOPLIST_KEY_NSHealthShareUsageDescription = "사용자의 건강 데이터에 접근하여 업데이트를 하려고 합니다. 동의하시겠습니까?";
				INFOPLIST_KEY_NSHealthUpdateUsageDescription = "사용자의 건강 데이터에 접근하여 업데이트를 하려고 합니다. 동의하시겠습니까?";
				INFOPLIST_KEY_UIApplicationSupportsIndirectInputEvents = YES;
				INFOPLIST_KEY_UILaunchStoryboardName = LaunchScreen;
				INFOPLIST_KEY_UISupportedInterfaceOrientations = UIInterfaceOrientationPortrait;
				INFOPLIST_KEY_UIUserInterfaceStyle = Light;
				IPHONEOS_DEPLOYMENT_TARGET = 16.0;
				LD_RUNPATH_SEARCH_PATHS = (
					"$(inherited)",
					"@executable_path/Frameworks",
				);
				MARKETING_VERSION = 1.0;
				PRODUCT_BUNDLE_IDENTIFIER = com.Jun.HealthCommunity;
				PRODUCT_NAME = "$(TARGET_NAME)";
				SUPPORTED_PLATFORMS = "iphoneos iphonesimulator";
				SUPPORTS_MACCATALYST = NO;
				SUPPORTS_MAC_DESIGNED_FOR_IPHONE_IPAD = NO;
				SUPPORTS_XR_DESIGNED_FOR_IPHONE_IPAD = NO;
				SWIFT_EMIT_LOC_STRINGS = YES;
				SWIFT_VERSION = 5.0;
				TARGETED_DEVICE_FAMILY = 1;
			};
			name = Release;
		};
/* End XCBuildConfiguration section */

/* Begin XCConfigurationList section */
		723E46FA2C6CD240004B0E0C /* Build configuration list for PBXProject "HealthCommunity" */ = {
			isa = XCConfigurationList;
			buildConfigurations = (
				723E47112C6CD241004B0E0C /* Debug */,
				723E47122C6CD241004B0E0C /* Release */,
			);
			defaultConfigurationIsVisible = 0;
			defaultConfigurationName = Release;
		};
		723E47132C6CD241004B0E0C /* Build configuration list for PBXNativeTarget "HealthCommunity" */ = {
			isa = XCConfigurationList;
			buildConfigurations = (
				723E47142C6CD241004B0E0C /* Debug */,
				723E47152C6CD241004B0E0C /* Release */,
			);
			defaultConfigurationIsVisible = 0;
			defaultConfigurationName = Release;
		};
/* End XCConfigurationList section */

/* Begin XCRemoteSwiftPackageReference section */
		723E47262C6DC100004B0E0C /* XCRemoteSwiftPackageReference "Alamofire" */ = {
			isa = XCRemoteSwiftPackageReference;
			repositoryURL = "https://github.com/Alamofire/Alamofire.git";
			requirement = {
				kind = upToNextMajorVersion;
				minimumVersion = 5.9.1;
			};
		};
		723E47292C6DC11A004B0E0C /* XCRemoteSwiftPackageReference "RxSwift" */ = {
			isa = XCRemoteSwiftPackageReference;
			repositoryURL = "https://github.com/ReactiveX/RxSwift.git";
			requirement = {
				kind = upToNextMajorVersion;
				minimumVersion = 6.7.1;
			};
		};
		723E472E2C6DC12A004B0E0C /* XCRemoteSwiftPackageReference "SnapKit" */ = {
			isa = XCRemoteSwiftPackageReference;
			repositoryURL = "https://github.com/SnapKit/SnapKit.git";
			requirement = {
				kind = upToNextMajorVersion;
				minimumVersion = 5.7.1;
			};
		};
		723E47712C6F3B87004B0E0C /* XCRemoteSwiftPackageReference "Toast-Swift" */ = {
			isa = XCRemoteSwiftPackageReference;
			repositoryURL = "https://github.com/scalessec/Toast-Swift.git";
			requirement = {
				kind = upToNextMajorVersion;
				minimumVersion = 5.1.1;
			};
		};
		725B9A722C78F6240078863C /* XCRemoteSwiftPackageReference "Kingfisher" */ = {
			isa = XCRemoteSwiftPackageReference;
			repositoryURL = "https://github.com/onevcat/Kingfisher.git";
			requirement = {
				kind = upToNextMajorVersion;
				minimumVersion = 7.12.0;
			};
		};
		725B9AA82C7B64FB0078863C /* XCRemoteSwiftPackageReference "JGProgressHUD" */ = {
			isa = XCRemoteSwiftPackageReference;
			repositoryURL = "https://github.com/JonasGessner/JGProgressHUD.git";
			requirement = {
				kind = upToNextMajorVersion;
				minimumVersion = 2.2.0;
			};
		};
		725B9AB42C7C5ACD0078863C /* XCRemoteSwiftPackageReference "FSCalendar" */ = {
			isa = XCRemoteSwiftPackageReference;
			repositoryURL = "https://github.com/WenchaoD/FSCalendar.git";
			requirement = {
				kind = upToNextMajorVersion;
				minimumVersion = 2.8.4;
			};
		};
/* End XCRemoteSwiftPackageReference section */

/* Begin XCSwiftPackageProductDependency section */
		723E47272C6DC100004B0E0C /* Alamofire */ = {
			isa = XCSwiftPackageProductDependency;
			package = 723E47262C6DC100004B0E0C /* XCRemoteSwiftPackageReference "Alamofire" */;
			productName = Alamofire;
		};
		723E472A2C6DC11A004B0E0C /* RxCocoa */ = {
			isa = XCSwiftPackageProductDependency;
			package = 723E47292C6DC11A004B0E0C /* XCRemoteSwiftPackageReference "RxSwift" */;
			productName = RxCocoa;
		};
		723E472C2C6DC11A004B0E0C /* RxSwift */ = {
			isa = XCSwiftPackageProductDependency;
			package = 723E47292C6DC11A004B0E0C /* XCRemoteSwiftPackageReference "RxSwift" */;
			productName = RxSwift;
		};
		723E472F2C6DC12A004B0E0C /* SnapKit */ = {
			isa = XCSwiftPackageProductDependency;
			package = 723E472E2C6DC12A004B0E0C /* XCRemoteSwiftPackageReference "SnapKit" */;
			productName = SnapKit;
		};
		723E47722C6F3B87004B0E0C /* Toast */ = {
			isa = XCSwiftPackageProductDependency;
			package = 723E47712C6F3B87004B0E0C /* XCRemoteSwiftPackageReference "Toast-Swift" */;
			productName = Toast;
		};
		725B9A732C78F6240078863C /* Kingfisher */ = {
			isa = XCSwiftPackageProductDependency;
			package = 725B9A722C78F6240078863C /* XCRemoteSwiftPackageReference "Kingfisher" */;
			productName = Kingfisher;
		};
		725B9AA92C7B64FB0078863C /* JGProgressHUD */ = {
			isa = XCSwiftPackageProductDependency;
			package = 725B9AA82C7B64FB0078863C /* XCRemoteSwiftPackageReference "JGProgressHUD" */;
			productName = JGProgressHUD;
		};
		725B9AB52C7C5ACD0078863C /* FSCalendar */ = {
			isa = XCSwiftPackageProductDependency;
			package = 725B9AB42C7C5ACD0078863C /* XCRemoteSwiftPackageReference "FSCalendar" */;
			productName = FSCalendar;
		};
/* End XCSwiftPackageProductDependency section */
	};
	rootObject = 723E46F72C6CD240004B0E0C /* Project object */;
}
