// !$*UTF8*$!
{
	archiveVersion = 1;
	classes = {
	};
	objectVersion = 56;
	objects = {

/* Begin PBXBuildFile section */
		723E47032C6CD240004B0E0C /* AppDelegate.swift in Sources */ = {isa = PBXBuildFile; fileRef = 723E47022C6CD240004B0E0C /* AppDelegate.swift */; };
		723E47052C6CD240004B0E0C /* SceneDelegate.swift in Sources */ = {isa = PBXBuildFile; fileRef = 723E47042C6CD240004B0E0C /* SceneDelegate.swift */; };
		723E470C2C6CD241004B0E0C /* Assets.xcassets in Resources */ = {isa = PBXBuildFile; fileRef = 723E470B2C6CD241004B0E0C /* Assets.xcassets */; };
		723E470F2C6CD241004B0E0C /* Base in Resources */ = {isa = PBXBuildFile; fileRef = 723E470E2C6CD241004B0E0C /* Base */; };
		723E47172C6CD32B004B0E0C /* .gitignore in Resources */ = {isa = PBXBuildFile; fileRef = 723E47162C6CD32B004B0E0C /* .gitignore */; };
		723E47192C6CD360004B0E0C /* APIKey.swift in Sources */ = {isa = PBXBuildFile; fileRef = 723E47182C6CD360004B0E0C /* APIKey.swift */; };
		723E471F2C6DBF5F004B0E0C /* BaseView.swift in Sources */ = {isa = PBXBuildFile; fileRef = 723E471E2C6DBF5F004B0E0C /* BaseView.swift */; };
		723E47212C6DBF98004B0E0C /* BaseViewController.swift in Sources */ = {isa = PBXBuildFile; fileRef = 723E47202C6DBF98004B0E0C /* BaseViewController.swift */; };
		723E47232C6DBFBB004B0E0C /* BaseCollectionViewCell.swift in Sources */ = {isa = PBXBuildFile; fileRef = 723E47222C6DBFBB004B0E0C /* BaseCollectionViewCell.swift */; };
		723E47252C6DBFE7004B0E0C /* BaseTableViewCell.swift in Sources */ = {isa = PBXBuildFile; fileRef = 723E47242C6DBFE7004B0E0C /* BaseTableViewCell.swift */; };
/* End PBXBuildFile section */

/* Begin PBXFileReference section */
		723E46FF2C6CD240004B0E0C /* HealthCommunity.app */ = {isa = PBXFileReference; explicitFileType = wrapper.application; includeInIndex = 0; path = HealthCommunity.app; sourceTree = BUILT_PRODUCTS_DIR; };
		723E47022C6CD240004B0E0C /* AppDelegate.swift */ = {isa = PBXFileReference; lastKnownFileType = sourcecode.swift; path = AppDelegate.swift; sourceTree = "<group>"; };
		723E47042C6CD240004B0E0C /* SceneDelegate.swift */ = {isa = PBXFileReference; lastKnownFileType = sourcecode.swift; path = SceneDelegate.swift; sourceTree = "<group>"; };
		723E470B2C6CD241004B0E0C /* Assets.xcassets */ = {isa = PBXFileReference; lastKnownFileType = folder.assetcatalog; path = Assets.xcassets; sourceTree = "<group>"; };
		723E470E2C6CD241004B0E0C /* Base */ = {isa = PBXFileReference; lastKnownFileType = file.storyboard; name = Base; path = Base.lproj/LaunchScreen.storyboard; sourceTree = "<group>"; };
		723E47102C6CD241004B0E0C /* Info.plist */ = {isa = PBXFileReference; lastKnownFileType = text.plist.xml; path = Info.plist; sourceTree = "<group>"; };
		723E47162C6CD32B004B0E0C /* .gitignore */ = {isa = PBXFileReference; lastKnownFileType = text; path = .gitignore; sourceTree = "<group>"; };
		723E47182C6CD360004B0E0C /* APIKey.swift */ = {isa = PBXFileReference; lastKnownFileType = sourcecode.swift; path = APIKey.swift; sourceTree = "<group>"; };
		723E471E2C6DBF5F004B0E0C /* BaseView.swift */ = {isa = PBXFileReference; lastKnownFileType = sourcecode.swift; path = BaseView.swift; sourceTree = "<group>"; };
		723E47202C6DBF98004B0E0C /* BaseViewController.swift */ = {isa = PBXFileReference; lastKnownFileType = sourcecode.swift; path = BaseViewController.swift; sourceTree = "<group>"; };
		723E47222C6DBFBB004B0E0C /* BaseCollectionViewCell.swift */ = {isa = PBXFileReference; lastKnownFileType = sourcecode.swift; path = BaseCollectionViewCell.swift; sourceTree = "<group>"; };
		723E47242C6DBFE7004B0E0C /* BaseTableViewCell.swift */ = {isa = PBXFileReference; lastKnownFileType = sourcecode.swift; path = BaseTableViewCell.swift; sourceTree = "<group>"; };
/* End PBXFileReference section */

/* Begin PBXFrameworksBuildPhase section */
		723E46FC2C6CD240004B0E0C /* Frameworks */ = {
			isa = PBXFrameworksBuildPhase;
			buildActionMask = 2147483647;
			files = (
			);
			runOnlyForDeploymentPostprocessing = 0;
		};
/* End PBXFrameworksBuildPhase section */

/* Begin PBXGroup section */
		723E46F62C6CD240004B0E0C = {
			isa = PBXGroup;
			children = (
				723E47162C6CD32B004B0E0C /* .gitignore */,
				723E47012C6CD240004B0E0C /* HealthCommunity */,
				723E47002C6CD240004B0E0C /* Products */,
			);
			sourceTree = "<group>";
		};
		723E47002C6CD240004B0E0C /* Products */ = {
			isa = PBXGroup;
			children = (
				723E46FF2C6CD240004B0E0C /* HealthCommunity.app */,
			);
			name = Products;
			sourceTree = "<group>";
		};
		723E47012C6CD240004B0E0C /* HealthCommunity */ = {
			isa = PBXGroup;
			children = (
				723E471A2C6DBC6D004B0E0C /* Resources */,
				723E471C2C6DBCA6004B0E0C /* Sources */,
				723E47102C6CD241004B0E0C /* Info.plist */,
				723E47182C6CD360004B0E0C /* APIKey.swift */,
			);
			path = HealthCommunity;
			sourceTree = "<group>";
		};
		723E471A2C6DBC6D004B0E0C /* Resources */ = {
			isa = PBXGroup;
			children = (
				723E47022C6CD240004B0E0C /* AppDelegate.swift */,
				723E47042C6CD240004B0E0C /* SceneDelegate.swift */,
				723E471B2C6DBC85004B0E0C /* StoryBoard */,
				723E470B2C6CD241004B0E0C /* Assets.xcassets */,
			);
			path = Resources;
			sourceTree = "<group>";
		};
		723E471B2C6DBC85004B0E0C /* StoryBoard */ = {
			isa = PBXGroup;
			children = (
				723E470D2C6CD241004B0E0C /* LaunchScreen.storyboard */,
			);
			path = StoryBoard;
			sourceTree = "<group>";
		};
		723E471C2C6DBCA6004B0E0C /* Sources */ = {
			isa = PBXGroup;
			children = (
				723E471D2C6DBE43004B0E0C /* Base */,
			);
			path = Sources;
			sourceTree = "<group>";
		};
		723E471D2C6DBE43004B0E0C /* Base */ = {
			isa = PBXGroup;
			children = (
				723E471E2C6DBF5F004B0E0C /* BaseView.swift */,
				723E47202C6DBF98004B0E0C /* BaseViewController.swift */,
				723E47222C6DBFBB004B0E0C /* BaseCollectionViewCell.swift */,
				723E47242C6DBFE7004B0E0C /* BaseTableViewCell.swift */,
			);
			path = Base;
			sourceTree = "<group>";
		};
/* End PBXGroup section */

/* Begin PBXNativeTarget section */
		723E46FE2C6CD240004B0E0C /* HealthCommunity */ = {
			isa = PBXNativeTarget;
			buildConfigurationList = 723E47132C6CD241004B0E0C /* Build configuration list for PBXNativeTarget "HealthCommunity" */;
			buildPhases = (
				723E46FB2C6CD240004B0E0C /* Sources */,
				723E46FC2C6CD240004B0E0C /* Frameworks */,
				723E46FD2C6CD240004B0E0C /* Resources */,
			);
			buildRules = (
			);
			dependencies = (
			);
			name = HealthCommunity;
			productName = HealthCommunity;
			productReference = 723E46FF2C6CD240004B0E0C /* HealthCommunity.app */;
			productType = "com.apple.product-type.application";
		};
/* End PBXNativeTarget section */

/* Begin PBXProject section */
		723E46F72C6CD240004B0E0C /* Project object */ = {
			isa = PBXProject;
			attributes = {
				BuildIndependentTargetsInParallel = 1;
				LastSwiftUpdateCheck = 1530;
				LastUpgradeCheck = 1530;
				TargetAttributes = {
					723E46FE2C6CD240004B0E0C = {
						CreatedOnToolsVersion = 15.3;
					};
				};
			};
			buildConfigurationList = 723E46FA2C6CD240004B0E0C /* Build configuration list for PBXProject "HealthCommunity" */;
			compatibilityVersion = "Xcode 14.0";
			developmentRegion = en;
			hasScannedForEncodings = 0;
			knownRegions = (
				en,
				Base,
			);
			mainGroup = 723E46F62C6CD240004B0E0C;
			productRefGroup = 723E47002C6CD240004B0E0C /* Products */;
			projectDirPath = "";
			projectRoot = "";
			targets = (
				723E46FE2C6CD240004B0E0C /* HealthCommunity */,
			);
		};
/* End PBXProject section */

/* Begin PBXResourcesBuildPhase section */
		723E46FD2C6CD240004B0E0C /* Resources */ = {
			isa = PBXResourcesBuildPhase;
			buildActionMask = 2147483647;
			files = (
				723E470C2C6CD241004B0E0C /* Assets.xcassets in Resources */,
				723E47172C6CD32B004B0E0C /* .gitignore in Resources */,
				723E470F2C6CD241004B0E0C /* Base in Resources */,
			);
			runOnlyForDeploymentPostprocessing = 0;
		};
/* End PBXResourcesBuildPhase section */

/* Begin PBXSourcesBuildPhase section */
		723E46FB2C6CD240004B0E0C /* Sources */ = {
			isa = PBXSourcesBuildPhase;
			buildActionMask = 2147483647;
			files = (
				723E47212C6DBF98004B0E0C /* BaseViewController.swift in Sources */,
				723E47032C6CD240004B0E0C /* AppDelegate.swift in Sources */,
				723E47192C6CD360004B0E0C /* APIKey.swift in Sources */,
				723E47052C6CD240004B0E0C /* SceneDelegate.swift in Sources */,
				723E47252C6DBFE7004B0E0C /* BaseTableViewCell.swift in Sources */,
				723E471F2C6DBF5F004B0E0C /* BaseView.swift in Sources */,
				723E47232C6DBFBB004B0E0C /* BaseCollectionViewCell.swift in Sources */,
			);
			runOnlyForDeploymentPostprocessing = 0;
		};
/* End PBXSourcesBuildPhase section */

/* Begin PBXVariantGroup section */
		723E470D2C6CD241004B0E0C /* LaunchScreen.storyboard */ = {
			isa = PBXVariantGroup;
			children = (
				723E470E2C6CD241004B0E0C /* Base */,
			);
			name = LaunchScreen.storyboard;
			sourceTree = "<group>";
		};
/* End PBXVariantGroup section */

/* Begin XCBuildConfiguration section */
		723E47112C6CD241004B0E0C /* Debug */ = {
			isa = XCBuildConfiguration;
			buildSettings = {
				ALWAYS_SEARCH_USER_PATHS = NO;
				ASSETCATALOG_COMPILER_GENERATE_SWIFT_ASSET_SYMBOL_EXTENSIONS = YES;
				CLANG_ANALYZER_NONNULL = YES;
				CLANG_ANALYZER_NUMBER_OBJECT_CONVERSION = YES_AGGRESSIVE;
				CLANG_CXX_LANGUAGE_STANDARD = "gnu++20";
				CLANG_ENABLE_MODULES = YES;
				CLANG_ENABLE_OBJC_ARC = YES;
				CLANG_ENABLE_OBJC_WEAK = YES;
				CLANG_WARN_BLOCK_CAPTURE_AUTORELEASING = YES;
				CLANG_WARN_BOOL_CONVERSION = YES;
				CLANG_WARN_COMMA = YES;
				CLANG_WARN_CONSTANT_CONVERSION = YES;
				CLANG_WARN_DEPRECATED_OBJC_IMPLEMENTATIONS = YES;
				CLANG_WARN_DIRECT_OBJC_ISA_USAGE = YES_ERROR;
				CLANG_WARN_DOCUMENTATION_COMMENTS = YES;
				CLANG_WARN_EMPTY_BODY = YES;
				CLANG_WARN_ENUM_CONVERSION = YES;
				CLANG_WARN_INFINITE_RECURSION = YES;
				CLANG_WARN_INT_CONVERSION = YES;
				CLANG_WARN_NON_LITERAL_NULL_CONVERSION = YES;
				CLANG_WARN_OBJC_IMPLICIT_RETAIN_SELF = YES;
				CLANG_WARN_OBJC_LITERAL_CONVERSION = YES;
				CLANG_WARN_OBJC_ROOT_CLASS = YES_ERROR;
				CLANG_WARN_QUOTED_INCLUDE_IN_FRAMEWORK_HEADER = YES;
				CLANG_WARN_RANGE_LOOP_ANALYSIS = YES;
				CLANG_WARN_STRICT_PROTOTYPES = YES;
				CLANG_WARN_SUSPICIOUS_MOVE = YES;
				CLANG_WARN_UNGUARDED_AVAILABILITY = YES_AGGRESSIVE;
				CLANG_WARN_UNREACHABLE_CODE = YES;
				CLANG_WARN__DUPLICATE_METHOD_MATCH = YES;
				COPY_PHASE_STRIP = NO;
				DEBUG_INFORMATION_FORMAT = dwarf;
				ENABLE_STRICT_OBJC_MSGSEND = YES;
				ENABLE_TESTABILITY = YES;
				ENABLE_USER_SCRIPT_SANDBOXING = YES;
				GCC_C_LANGUAGE_STANDARD = gnu17;
				GCC_DYNAMIC_NO_PIC = NO;
				GCC_NO_COMMON_BLOCKS = YES;
				GCC_OPTIMIZATION_LEVEL = 0;
				GCC_PREPROCESSOR_DEFINITIONS = (
					"DEBUG=1",
					"$(inherited)",
				);
				GCC_WARN_64_TO_32_BIT_CONVERSION = YES;
				GCC_WARN_ABOUT_RETURN_TYPE = YES_ERROR;
				GCC_WARN_UNDECLARED_SELECTOR = YES;
				GCC_WARN_UNINITIALIZED_AUTOS = YES_AGGRESSIVE;
				GCC_WARN_UNUSED_FUNCTION = YES;
				GCC_WARN_UNUSED_VARIABLE = YES;
				IPHONEOS_DEPLOYMENT_TARGET = 17.4;
				LOCALIZATION_PREFERS_STRING_CATALOGS = YES;
				MTL_ENABLE_DEBUG_INFO = INCLUDE_SOURCE;
				MTL_FAST_MATH = YES;
				ONLY_ACTIVE_ARCH = YES;
				SDKROOT = iphoneos;
				SWIFT_ACTIVE_COMPILATION_CONDITIONS = "DEBUG $(inherited)";
				SWIFT_OPTIMIZATION_LEVEL = "-Onone";
			};
			name = Debug;
		};
		723E47122C6CD241004B0E0C /* Release */ = {
			isa = XCBuildConfiguration;
			buildSettings = {
				ALWAYS_SEARCH_USER_PATHS = NO;
				ASSETCATALOG_COMPILER_GENERATE_SWIFT_ASSET_SYMBOL_EXTENSIONS = YES;
				CLANG_ANALYZER_NONNULL = YES;
				CLANG_ANALYZER_NUMBER_OBJECT_CONVERSION = YES_AGGRESSIVE;
				CLANG_CXX_LANGUAGE_STANDARD = "gnu++20";
				CLANG_ENABLE_MODULES = YES;
				CLANG_ENABLE_OBJC_ARC = YES;
				CLANG_ENABLE_OBJC_WEAK = YES;
				CLANG_WARN_BLOCK_CAPTURE_AUTORELEASING = YES;
				CLANG_WARN_BOOL_CONVERSION = YES;
				CLANG_WARN_COMMA = YES;
				CLANG_WARN_CONSTANT_CONVERSION = YES;
				CLANG_WARN_DEPRECATED_OBJC_IMPLEMENTATIONS = YES;
				CLANG_WARN_DIRECT_OBJC_ISA_USAGE = YES_ERROR;
				CLANG_WARN_DOCUMENTATION_COMMENTS = YES;
				CLANG_WARN_EMPTY_BODY = YES;
				CLANG_WARN_ENUM_CONVERSION = YES;
				CLANG_WARN_INFINITE_RECURSION = YES;
				CLANG_WARN_INT_CONVERSION = YES;
				CLANG_WARN_NON_LITERAL_NULL_CONVERSION = YES;
				CLANG_WARN_OBJC_IMPLICIT_RETAIN_SELF = YES;
				CLANG_WARN_OBJC_LITERAL_CONVERSION = YES;
				CLANG_WARN_OBJC_ROOT_CLASS = YES_ERROR;
				CLANG_WARN_QUOTED_INCLUDE_IN_FRAMEWORK_HEADER = YES;
				CLANG_WARN_RANGE_LOOP_ANALYSIS = YES;
				CLANG_WARN_STRICT_PROTOTYPES = YES;
				CLANG_WARN_SUSPICIOUS_MOVE = YES;
				CLANG_WARN_UNGUARDED_AVAILABILITY = YES_AGGRESSIVE;
				CLANG_WARN_UNREACHABLE_CODE = YES;
				CLANG_WARN__DUPLICATE_METHOD_MATCH = YES;
				COPY_PHASE_STRIP = NO;
				DEBUG_INFORMATION_FORMAT = "dwarf-with-dsym";
				ENABLE_NS_ASSERTIONS = NO;
				ENABLE_STRICT_OBJC_MSGSEND = YES;
				ENABLE_USER_SCRIPT_SANDBOXING = YES;
				GCC_C_LANGUAGE_STANDARD = gnu17;
				GCC_NO_COMMON_BLOCKS = YES;
				GCC_WARN_64_TO_32_BIT_CONVERSION = YES;
				GCC_WARN_ABOUT_RETURN_TYPE = YES_ERROR;
				GCC_WARN_UNDECLARED_SELECTOR = YES;
				GCC_WARN_UNINITIALIZED_AUTOS = YES_AGGRESSIVE;
				GCC_WARN_UNUSED_FUNCTION = YES;
				GCC_WARN_UNUSED_VARIABLE = YES;
				IPHONEOS_DEPLOYMENT_TARGET = 17.4;
				LOCALIZATION_PREFERS_STRING_CATALOGS = YES;
				MTL_ENABLE_DEBUG_INFO = NO;
				MTL_FAST_MATH = YES;
				SDKROOT = iphoneos;
				SWIFT_COMPILATION_MODE = wholemodule;
				VALIDATE_PRODUCT = YES;
			};
			name = Release;
		};
		723E47142C6CD241004B0E0C /* Debug */ = {
			isa = XCBuildConfiguration;
			buildSettings = {
				ASSETCATALOG_COMPILER_APPICON_NAME = AppIcon;
				ASSETCATALOG_COMPILER_GLOBAL_ACCENT_COLOR_NAME = AccentColor;
				CODE_SIGN_STYLE = Automatic;
				CURRENT_PROJECT_VERSION = 1;
				DEVELOPMENT_TEAM = QQN262X7KM;
				GENERATE_INFOPLIST_FILE = YES;
				INFOPLIST_FILE = HealthCommunity/Info.plist;
				INFOPLIST_KEY_UIApplicationSupportsIndirectInputEvents = YES;
				INFOPLIST_KEY_UILaunchStoryboardName = LaunchScreen;
				INFOPLIST_KEY_UISupportedInterfaceOrientations_iPad = UIInterfaceOrientationPortrait;
				INFOPLIST_KEY_UISupportedInterfaceOrientations_iPhone = "UIInterfaceOrientationPortrait UIInterfaceOrientationLandscapeLeft UIInterfaceOrientationLandscapeRight";
				IPHONEOS_DEPLOYMENT_TARGET = 16.0;
				LD_RUNPATH_SEARCH_PATHS = (
					"$(inherited)",
					"@executable_path/Frameworks",
				);
				MARKETING_VERSION = 1.0;
				PRODUCT_BUNDLE_IDENTIFIER = com.Jun.HealthCommunity;
				PRODUCT_NAME = "$(TARGET_NAME)";
				SUPPORTED_PLATFORMS = "iphoneos iphonesimulator";
				SUPPORTS_MACCATALYST = NO;
				SUPPORTS_MAC_DESIGNED_FOR_IPHONE_IPAD = NO;
				SUPPORTS_XR_DESIGNED_FOR_IPHONE_IPAD = NO;
				SWIFT_EMIT_LOC_STRINGS = YES;
				SWIFT_VERSION = 5.0;
				TARGETED_DEVICE_FAMILY = 1;
			};
			name = Debug;
		};
		723E47152C6CD241004B0E0C /* Release */ = {
			isa = XCBuildConfiguration;
			buildSettings = {
				ASSETCATALOG_COMPILER_APPICON_NAME = AppIcon;
				ASSETCATALOG_COMPILER_GLOBAL_ACCENT_COLOR_NAME = AccentColor;
				CODE_SIGN_STYLE = Automatic;
				CURRENT_PROJECT_VERSION = 1;
				DEVELOPMENT_TEAM = QQN262X7KM;
				GENERATE_INFOPLIST_FILE = YES;
				INFOPLIST_FILE = HealthCommunity/Info.plist;
				INFOPLIST_KEY_UIApplicationSupportsIndirectInputEvents = YES;
				INFOPLIST_KEY_UILaunchStoryboardName = LaunchScreen;
				INFOPLIST_KEY_UISupportedInterfaceOrientations_iPad = UIInterfaceOrientationPortrait;
				INFOPLIST_KEY_UISupportedInterfaceOrientations_iPhone = "UIInterfaceOrientationPortrait UIInterfaceOrientationLandscapeLeft UIInterfaceOrientationLandscapeRight";
				IPHONEOS_DEPLOYMENT_TARGET = 16.0;
				LD_RUNPATH_SEARCH_PATHS = (
					"$(inherited)",
					"@executable_path/Frameworks",
				);
				MARKETING_VERSION = 1.0;
				PRODUCT_BUNDLE_IDENTIFIER = com.Jun.HealthCommunity;
				PRODUCT_NAME = "$(TARGET_NAME)";
				SUPPORTED_PLATFORMS = "iphoneos iphonesimulator";
				SUPPORTS_MACCATALYST = NO;
				SUPPORTS_MAC_DESIGNED_FOR_IPHONE_IPAD = NO;
				SUPPORTS_XR_DESIGNED_FOR_IPHONE_IPAD = NO;
				SWIFT_EMIT_LOC_STRINGS = YES;
				SWIFT_VERSION = 5.0;
				TARGETED_DEVICE_FAMILY = 1;
			};
			name = Release;
		};
/* End XCBuildConfiguration section */

/* Begin XCConfigurationList section */
		723E46FA2C6CD240004B0E0C /* Build configuration list for PBXProject "HealthCommunity" */ = {
			isa = XCConfigurationList;
			buildConfigurations = (
				723E47112C6CD241004B0E0C /* Debug */,
				723E47122C6CD241004B0E0C /* Release */,
			);
			defaultConfigurationIsVisible = 0;
			defaultConfigurationName = Release;
		};
		723E47132C6CD241004B0E0C /* Build configuration list for PBXNativeTarget "HealthCommunity" */ = {
			isa = XCConfigurationList;
			buildConfigurations = (
				723E47142C6CD241004B0E0C /* Debug */,
				723E47152C6CD241004B0E0C /* Release */,
			);
			defaultConfigurationIsVisible = 0;
			defaultConfigurationName = Release;
		};
/* End XCConfigurationList section */
	};
	rootObject = 723E46F72C6CD240004B0E0C /* Project object */;
}
